{
    "version": 3,
    "terraform_version": "0.11.11",
    "serial": 41,
    "lineage": "8f84a15d-aca9-0a13-c8cc-5bf68f3cd01e",
    "modules": [
        {
            "path": [
                "root"
            ],
            "outputs": {},
            "resources": {},
            "depends_on": []
        },
        {
            "path": [
                "root",
                "security_groups"
            ],
            "outputs": {
                "sg-http_id": {
                    "sensitive": false,
                    "type": "string",
                    "value": "sg-0f4064cc8cb60c305"
                },
                "sg-https_id": {
                    "sensitive": false,
                    "type": "string",
                    "value": "sg-0d1e7fd6c6cc48894"
                },
                "sg-ssh_id": {
                    "sensitive": false,
                    "type": "string",
                    "value": "sg-05d215fa5d7810aea"
                }
            },
            "resources": {
                "aws_security_group.http_in_out": {
                    "type": "aws_security_group",
                    "depends_on": [],
                    "primary": {
                        "id": "sg-0f4064cc8cb60c305",
                        "attributes": {
                            "arn": "arn:aws:ec2:us-west-2:798485911321:security-group/sg-0f4064cc8cb60c305",
                            "description": "Managed by Terraform",
                            "egress.#": "0",
                            "id": "sg-0f4064cc8cb60c305",
                            "ingress.#": "0",
                            "name": "default-http_in_out",
                            "owner_id": "798485911321",
                            "revoke_rules_on_delete": "false",
                            "tags.%": "0",
                            "vpc_id": "vpc-02a487d1338b12d9a"
                        },
                        "meta": {
                            "e2bfb730-ecaa-11e6-8f88-34363bc7c4c0": {
                                "create": 600000000000,
                                "delete": 600000000000
                            },
                            "schema_version": "1"
                        },
                        "tainted": false
                    },
                    "deposed": [],
                    "provider": "provider.aws"
                },
                "aws_security_group.https_in_out": {
                    "type": "aws_security_group",
                    "depends_on": [],
                    "primary": {
                        "id": "sg-0d1e7fd6c6cc48894",
                        "attributes": {
                            "arn": "arn:aws:ec2:us-west-2:798485911321:security-group/sg-0d1e7fd6c6cc48894",
                            "description": "Managed by Terraform",
                            "egress.#": "0",
                            "id": "sg-0d1e7fd6c6cc48894",
                            "ingress.#": "0",
                            "name": "default-https_in_out",
                            "owner_id": "798485911321",
                            "revoke_rules_on_delete": "false",
                            "tags.%": "0",
                            "vpc_id": "vpc-02a487d1338b12d9a"
                        },
                        "meta": {
                            "e2bfb730-ecaa-11e6-8f88-34363bc7c4c0": {
                                "create": 600000000000,
                                "delete": 600000000000
                            },
                            "schema_version": "1"
                        },
                        "tainted": false
                    },
                    "deposed": [],
                    "provider": "provider.aws"
                },
                "aws_security_group.ssh_in_out": {
                    "type": "aws_security_group",
                    "depends_on": [],
                    "primary": {
                        "id": "sg-05d215fa5d7810aea",
                        "attributes": {
                            "arn": "arn:aws:ec2:us-west-2:798485911321:security-group/sg-05d215fa5d7810aea",
                            "description": "Managed by Terraform",
                            "egress.#": "0",
                            "id": "sg-05d215fa5d7810aea",
                            "ingress.#": "0",
                            "name": "default-ssh_in_out",
                            "owner_id": "798485911321",
                            "revoke_rules_on_delete": "false",
                            "tags.%": "0",
                            "vpc_id": "vpc-02a487d1338b12d9a"
                        },
                        "meta": {
                            "e2bfb730-ecaa-11e6-8f88-34363bc7c4c0": {
                                "create": 600000000000,
                                "delete": 600000000000
                            },
                            "schema_version": "1"
                        },
                        "tainted": false
                    },
                    "deposed": [],
                    "provider": "provider.aws"
                },
                "aws_security_group_rule.http_in": {
                    "type": "aws_security_group_rule",
                    "depends_on": [
                        "aws_security_group.http_in_out"
                    ],
                    "primary": {
                        "id": "sgrule-3812916141",
                        "attributes": {
                            "cidr_blocks.#": "1",
                            "cidr_blocks.0": "0.0.0.0/0",
                            "from_port": "80",
                            "id": "sgrule-3812916141",
                            "protocol": "tcp",
                            "security_group_id": "sg-0f4064cc8cb60c305",
                            "self": "false",
                            "to_port": "80",
                            "type": "ingress"
                        },
                        "meta": {
                            "schema_version": "2"
                        },
                        "tainted": false
                    },
                    "deposed": [],
                    "provider": "provider.aws"
                },
                "aws_security_group_rule.http_out": {
                    "type": "aws_security_group_rule",
                    "depends_on": [
                        "aws_security_group.http_in_out"
                    ],
                    "primary": {
                        "id": "sgrule-765930206",
                        "attributes": {
                            "cidr_blocks.#": "1",
                            "cidr_blocks.0": "0.0.0.0/0",
                            "from_port": "80",
                            "id": "sgrule-765930206",
                            "protocol": "tcp",
                            "security_group_id": "sg-0f4064cc8cb60c305",
                            "self": "false",
                            "to_port": "80",
                            "type": "egress"
                        },
                        "meta": {
                            "schema_version": "2"
                        },
                        "tainted": false
                    },
                    "deposed": [],
                    "provider": "provider.aws"
                },
                "aws_security_group_rule.https_in": {
                    "type": "aws_security_group_rule",
                    "depends_on": [
                        "aws_security_group.https_in_out"
                    ],
                    "primary": {
                        "id": "sgrule-1227756841",
                        "attributes": {
                            "cidr_blocks.#": "1",
                            "cidr_blocks.0": "0.0.0.0/0",
                            "from_port": "443",
                            "id": "sgrule-1227756841",
                            "protocol": "tcp",
                            "security_group_id": "sg-0d1e7fd6c6cc48894",
                            "self": "false",
                            "to_port": "443",
                            "type": "ingress"
                        },
                        "meta": {
                            "schema_version": "2"
                        },
                        "tainted": false
                    },
                    "deposed": [],
                    "provider": "provider.aws"
                },
                "aws_security_group_rule.https_out": {
                    "type": "aws_security_group_rule",
                    "depends_on": [
                        "aws_security_group.https_in_out"
                    ],
                    "primary": {
                        "id": "sgrule-1300623792",
                        "attributes": {
                            "cidr_blocks.#": "1",
                            "cidr_blocks.0": "0.0.0.0/0",
                            "from_port": "443",
                            "id": "sgrule-1300623792",
                            "protocol": "tcp",
                            "security_group_id": "sg-0d1e7fd6c6cc48894",
                            "self": "false",
                            "to_port": "443",
                            "type": "egress"
                        },
                        "meta": {
                            "schema_version": "2"
                        },
                        "tainted": false
                    },
                    "deposed": [],
                    "provider": "provider.aws"
                },
                "aws_security_group_rule.ssh_in": {
                    "type": "aws_security_group_rule",
                    "depends_on": [
                        "aws_security_group.ssh_in_out"
                    ],
                    "primary": {
                        "id": "sgrule-3796127254",
                        "attributes": {
                            "cidr_blocks.#": "1",
                            "cidr_blocks.0": "0.0.0.0/0",
                            "from_port": "22",
                            "id": "sgrule-3796127254",
                            "protocol": "tcp",
                            "security_group_id": "sg-05d215fa5d7810aea",
                            "self": "false",
                            "to_port": "22",
                            "type": "ingress"
                        },
                        "meta": {
                            "schema_version": "2"
                        },
                        "tainted": false
                    },
                    "deposed": [],
                    "provider": "provider.aws"
                },
                "aws_security_group_rule.ssh_out": {
                    "type": "aws_security_group_rule",
                    "depends_on": [
                        "aws_security_group.ssh_in_out"
                    ],
                    "primary": {
                        "id": "sgrule-4142110623",
                        "attributes": {
                            "cidr_blocks.#": "1",
                            "cidr_blocks.0": "0.0.0.0/0",
                            "from_port": "22",
                            "id": "sgrule-4142110623",
                            "protocol": "tcp",
                            "security_group_id": "sg-05d215fa5d7810aea",
                            "self": "false",
                            "to_port": "22",
                            "type": "egress"
                        },
                        "meta": {
                            "schema_version": "2"
                        },
                        "tainted": false
                    },
                    "deposed": [],
                    "provider": "provider.aws"
                }
            },
            "depends_on": []
        },
        {
            "path": [
                "root",
                "subnets"
            ],
            "outputs": {
                "public_subnet_id": {
                    "sensitive": false,
                    "type": "string",
                    "value": "subnet-066f1415961fe5506"
                }
            },
            "resources": {
                "aws_subnet.public": {
                    "type": "aws_subnet",
                    "depends_on": [],
                    "primary": {
                        "id": "subnet-066f1415961fe5506",
                        "attributes": {
                            "arn": "arn:aws:ec2:us-west-2:798485911321:subnet/subnet-066f1415961fe5506",
                            "assign_ipv6_address_on_creation": "false",
                            "availability_zone": "us-west-2b",
                            "availability_zone_id": "usw2-az1",
                            "cidr_block": "10.0.0.0/24",
                            "id": "subnet-066f1415961fe5506",
                            "ipv6_cidr_block": "",
                            "ipv6_cidr_block_association_id": "",
                            "map_public_ip_on_launch": "true",
                            "owner_id": "798485911321",
                            "tags.%": "1",
                            "tags.Name": "Public Subnet",
                            "vpc_id": "vpc-02a487d1338b12d9a"
                        },
                        "meta": {
                            "e2bfb730-ecaa-11e6-8f88-34363bc7c4c0": {
                                "create": 600000000000,
                                "delete": 600000000000
                            },
                            "schema_version": "1"
                        },
                        "tainted": false
                    },
                    "deposed": [],
                    "provider": "provider.aws"
                }
            },
            "depends_on": []
        },
        {
            "path": [
                "root",
                "vpc_network"
            ],
            "outputs": {
                "vpc_id": {
                    "sensitive": false,
                    "type": "string",
                    "value": "vpc-02a487d1338b12d9a"
                }
            },
            "resources": {
                "aws_vpc.gatekeeper-vpc": {
                    "type": "aws_vpc",
                    "depends_on": [],
                    "primary": {
                        "id": "vpc-02a487d1338b12d9a",
                        "attributes": {
                            "arn": "arn:aws:ec2:us-west-2:798485911321:vpc/vpc-02a487d1338b12d9a",
                            "assign_generated_ipv6_cidr_block": "false",
                            "cidr_block": "10.0.0.0/16",
                            "default_network_acl_id": "acl-03db66ad59d5430fc",
                            "default_route_table_id": "rtb-0b82d79a43cb770b2",
                            "default_security_group_id": "sg-0f29b89c1c7f8ade4",
                            "dhcp_options_id": "dopt-d53cf6ad",
                            "enable_classiclink": "false",
                            "enable_classiclink_dns_support": "false",
                            "enable_dns_hostnames": "false",
                            "enable_dns_support": "true",
                            "id": "vpc-02a487d1338b12d9a",
                            "instance_tenancy": "default",
                            "ipv6_association_id": "",
                            "ipv6_cidr_block": "",
                            "main_route_table_id": "rtb-0b82d79a43cb770b2",
                            "owner_id": "798485911321",
                            "tags.%": "0"
                        },
                        "meta": {
                            "schema_version": "1"
                        },
                        "tainted": false
                    },
                    "deposed": [],
                    "provider": "provider.aws"
                }
            },
            "depends_on": []
        },
        {
            "path": [
                "root",
                "webservers"
            ],
            "outputs": {},
            "resources": {
                "aws_instance.web.0": {
                    "type": "aws_instance",
                    "depends_on": [
                        "data.aws_ami.ubuntu"
                    ],
                    "primary": {
                        "id": "i-0e4671d23c60209d7",
                        "attributes": {
                            "ami": "ami-0dbd6cabe4749f197",
                            "arn": "arn:aws:ec2:us-west-2:798485911321:instance/i-0e4671d23c60209d7",
                            "associate_public_ip_address": "true",
                            "availability_zone": "us-west-2b",
                            "cpu_core_count": "1",
                            "cpu_threads_per_core": "1",
                            "credit_specification.#": "1",
                            "credit_specification.0.cpu_credits": "standard",
                            "disable_api_termination": "false",
                            "ebs_block_device.#": "0",
                            "ebs_optimized": "false",
                            "ephemeral_block_device.#": "0",
                            "get_password_data": "false",
                            "iam_instance_profile": "",
                            "id": "i-0e4671d23c60209d7",
                            "instance_state": "running",
                            "instance_type": "t2.micro",
                            "ipv6_addresses.#": "0",
                            "key_name": "keyDesktop",
                            "monitoring": "false",
                            "network_interface.#": "0",
                            "network_interface_id": "eni-0a7eae42586e628f4",
                            "password_data": "",
                            "placement_group": "",
                            "primary_network_interface_id": "eni-0a7eae42586e628f4",
                            "private_dns": "ip-10-0-0-155.us-west-2.compute.internal",
                            "private_ip": "10.0.0.155",
                            "public_dns": "",
                            "public_ip": "34.216.78.141",
                            "root_block_device.#": "1",
                            "root_block_device.0.delete_on_termination": "true",
                            "root_block_device.0.iops": "100",
                            "root_block_device.0.volume_id": "vol-0e94ad72c7d713ee0",
                            "root_block_device.0.volume_size": "8",
                            "root_block_device.0.volume_type": "gp2",
                            "security_groups.#": "0",
                            "source_dest_check": "true",
                            "subnet_id": "subnet-066f1415961fe5506",
                            "tags.%": "1",
                            "tags.Name": "Terraform web 0",
                            "tenancy": "default",
                            "volume_tags.%": "0",
                            "vpc_security_group_ids.#": "3",
                            "vpc_security_group_ids.1064722798": "sg-0f4064cc8cb60c305",
                            "vpc_security_group_ids.130080843": "sg-0d1e7fd6c6cc48894",
                            "vpc_security_group_ids.2988641759": "sg-05d215fa5d7810aea"
                        },
                        "meta": {
                            "e2bfb730-ecaa-11e6-8f88-34363bc7c4c0": {
                                "create": 600000000000,
                                "delete": 1200000000000,
                                "update": 600000000000
                            },
                            "schema_version": "1"
                        },
                        "tainted": true
                    },
                    "deposed": [],
                    "provider": "provider.aws"
                },
                "aws_instance.web.1": {
                    "type": "aws_instance",
                    "depends_on": [
                        "data.aws_ami.ubuntu"
                    ],
                    "primary": {
                        "id": "i-08a51d33d2797f81c",
                        "attributes": {
                            "ami": "ami-0dbd6cabe4749f197",
                            "arn": "arn:aws:ec2:us-west-2:798485911321:instance/i-08a51d33d2797f81c",
                            "associate_public_ip_address": "true",
                            "availability_zone": "us-west-2b",
                            "cpu_core_count": "1",
                            "cpu_threads_per_core": "1",
                            "credit_specification.#": "1",
                            "credit_specification.0.cpu_credits": "standard",
                            "disable_api_termination": "false",
                            "ebs_block_device.#": "0",
                            "ebs_optimized": "false",
                            "ephemeral_block_device.#": "0",
                            "get_password_data": "false",
                            "iam_instance_profile": "",
                            "id": "i-08a51d33d2797f81c",
                            "instance_state": "running",
                            "instance_type": "t2.micro",
                            "ipv6_addresses.#": "0",
                            "key_name": "keyDesktop",
                            "monitoring": "false",
                            "network_interface.#": "0",
                            "network_interface_id": "eni-07b1bd8b97440870d",
                            "password_data": "",
                            "placement_group": "",
                            "primary_network_interface_id": "eni-07b1bd8b97440870d",
                            "private_dns": "ip-10-0-0-29.us-west-2.compute.internal",
                            "private_ip": "10.0.0.29",
                            "public_dns": "",
                            "public_ip": "54.201.85.167",
                            "root_block_device.#": "1",
                            "root_block_device.0.delete_on_termination": "true",
                            "root_block_device.0.iops": "100",
                            "root_block_device.0.volume_id": "vol-0717c9e9f55e12dbd",
                            "root_block_device.0.volume_size": "8",
                            "root_block_device.0.volume_type": "gp2",
                            "security_groups.#": "0",
                            "source_dest_check": "true",
                            "subnet_id": "subnet-066f1415961fe5506",
                            "tags.%": "1",
                            "tags.Name": "Terraform web 1",
                            "tenancy": "default",
                            "volume_tags.%": "0",
                            "vpc_security_group_ids.#": "3",
                            "vpc_security_group_ids.1064722798": "sg-0f4064cc8cb60c305",
                            "vpc_security_group_ids.130080843": "sg-0d1e7fd6c6cc48894",
                            "vpc_security_group_ids.2988641759": "sg-05d215fa5d7810aea"
                        },
                        "meta": {
                            "e2bfb730-ecaa-11e6-8f88-34363bc7c4c0": {
                                "create": 600000000000,
                                "delete": 1200000000000,
                                "update": 600000000000
                            },
                            "schema_version": "1"
                        },
                        "tainted": true
                    },
                    "deposed": [],
                    "provider": "provider.aws"
                },
                "data.aws_ami.ubuntu": {
                    "type": "aws_ami",
                    "depends_on": [],
                    "primary": {
                        "id": "ami-0dbd6cabe4749f197",
                        "attributes": {
                            "architecture": "x86_64",
                            "block_device_mappings.#": "3",
                            "block_device_mappings.1634610537.device_name": "/dev/sdb",
                            "block_device_mappings.1634610537.ebs.%": "0",
                            "block_device_mappings.1634610537.no_device": "",
                            "block_device_mappings.1634610537.virtual_name": "ephemeral0",
                            "block_device_mappings.2547816212.device_name": "/dev/sda1",
                            "block_device_mappings.2547816212.ebs.%": "6",
                            "block_device_mappings.2547816212.ebs.delete_on_termination": "true",
                            "block_device_mappings.2547816212.ebs.encrypted": "false",
                            "block_device_mappings.2547816212.ebs.iops": "0",
                            "block_device_mappings.2547816212.ebs.snapshot_id": "snap-0bc863e47ca82b3c5",
                            "block_device_mappings.2547816212.ebs.volume_size": "8",
                            "block_device_mappings.2547816212.ebs.volume_type": "gp2",
                            "block_device_mappings.2547816212.no_device": "",
                            "block_device_mappings.2547816212.virtual_name": "",
                            "block_device_mappings.3850042718.device_name": "/dev/sdc",
                            "block_device_mappings.3850042718.ebs.%": "0",
                            "block_device_mappings.3850042718.no_device": "",
                            "block_device_mappings.3850042718.virtual_name": "ephemeral1",
                            "creation_date": "2018-12-23T14:06:33.000Z",
                            "description": "Canonical, Ubuntu, 16.04 LTS, amd64 xenial image build on 2018-12-23",
                            "filter.#": "2",
                            "filter.1585153008.name": "name",
                            "filter.1585153008.values.#": "1",
                            "filter.1585153008.values.0": "ubuntu/images/hvm-ssd/ubuntu-xenial-16.04-amd64-server-*",
                            "filter.490168357.name": "virtualization-type",
                            "filter.490168357.values.#": "1",
                            "filter.490168357.values.0": "hvm",
                            "hypervisor": "xen",
                            "id": "ami-0dbd6cabe4749f197",
                            "image_id": "ami-0dbd6cabe4749f197",
                            "image_location": "099720109477/ubuntu/images/hvm-ssd/ubuntu-xenial-16.04-amd64-server-20181223",
                            "image_type": "machine",
                            "most_recent": "true",
                            "name": "ubuntu/images/hvm-ssd/ubuntu-xenial-16.04-amd64-server-20181223",
                            "owner_id": "099720109477",
                            "owners.#": "1",
                            "owners.0": "099720109477",
                            "product_codes.#": "0",
                            "public": "true",
                            "root_device_name": "/dev/sda1",
                            "root_device_type": "ebs",
                            "root_snapshot_id": "snap-0bc863e47ca82b3c5",
                            "sriov_net_support": "simple",
                            "state": "available",
                            "state_reason.%": "2",
                            "state_reason.code": "UNSET",
                            "state_reason.message": "UNSET",
                            "tags.%": "0",
                            "virtualization_type": "hvm"
                        },
                        "meta": {},
                        "tainted": false
                    },
                    "deposed": [],
                    "provider": "provider.aws"
                },
                "data.aws_availability_zones.available": {
                    "type": "aws_availability_zones",
                    "depends_on": [],
                    "primary": {
                        "id": "2019-01-19 05:59:01.309800828 +0000 UTC",
                        "attributes": {
                            "id": "2019-01-19 05:59:01.309800828 +0000 UTC",
                            "names.#": "3",
                            "names.0": "us-west-2a",
                            "names.1": "us-west-2b",
                            "names.2": "us-west-2c",
                            "zone_ids.#": "3",
                            "zone_ids.0": "usw2-az2",
                            "zone_ids.1": "usw2-az1",
                            "zone_ids.2": "usw2-az3"
                        },
                        "meta": {},
                        "tainted": false
                    },
                    "deposed": [],
                    "provider": "provider.aws"
                }
            },
            "depends_on": []
        }
    ]
}
