{
    "version": 3,
    "terraform_version": "0.11.11",
    "serial": 32,
    "lineage": "ea6da64e-599b-2609-b716-ec185b63be1d",
    "modules": [
        {
            "path": [
                "root"
            ],
            "outputs": {},
            "resources": {
                "aws_main_route_table_association.a": {
                    "type": "aws_main_route_table_association",
                    "depends_on": [
                        "module.route_tables",
                        "module.vpc_network"
                    ],
                    "primary": {
                        "id": "rtbassoc-0933df78c0abd97f3",
                        "attributes": {
                            "id": "rtbassoc-0933df78c0abd97f3",
                            "original_route_table_id": "rtb-0752a4bb0a258faed",
                            "route_table_id": "rtb-0f19c395d5b605f81",
                            "vpc_id": "vpc-0f2087c6408b94567"
                        },
                        "meta": {},
                        "tainted": false
                    },
                    "deposed": [],
                    "provider": "provider.aws"
                }
            },
            "depends_on": []
        },
        {
            "path": [
                "root",
                "bastion"
            ],
            "outputs": {},
            "resources": {
                "aws_instance.bastion": {
                    "type": "aws_instance",
                    "depends_on": [
                        "aws_security_group.bastion-sg",
                        "data.aws_ami.ubuntu"
                    ],
                    "primary": {
                        "id": "i-06a0289a5556dc568",
                        "attributes": {
                            "ami": "ami-0dbd6cabe4749f197",
                            "arn": "arn:aws:ec2:us-west-2:798485911321:instance/i-06a0289a5556dc568",
                            "associate_public_ip_address": "true",
                            "availability_zone": "us-west-2b",
                            "cpu_core_count": "1",
                            "cpu_threads_per_core": "1",
                            "credit_specification.#": "1",
                            "credit_specification.0.cpu_credits": "standard",
                            "disable_api_termination": "false",
                            "ebs_block_device.#": "0",
                            "ebs_optimized": "false",
                            "ephemeral_block_device.#": "0",
                            "get_password_data": "false",
                            "iam_instance_profile": "",
                            "id": "i-06a0289a5556dc568",
                            "instance_state": "running",
                            "instance_type": "t2.micro",
                            "ipv6_addresses.#": "0",
                            "key_name": "keyDesktop",
                            "monitoring": "true",
                            "network_interface.#": "0",
                            "network_interface_id": "eni-0eae681ccc3185e2e",
                            "password_data": "",
                            "placement_group": "",
                            "primary_network_interface_id": "eni-0eae681ccc3185e2e",
                            "private_dns": "ip-10-0-0-114.us-west-2.compute.internal",
                            "private_ip": "10.0.0.114",
                            "public_dns": "ec2-52-37-144-190.us-west-2.compute.amazonaws.com",
                            "public_ip": "52.37.144.190",
                            "root_block_device.#": "1",
                            "root_block_device.0.delete_on_termination": "true",
                            "root_block_device.0.iops": "100",
                            "root_block_device.0.volume_id": "vol-0eac04f5b51e7f94d",
                            "root_block_device.0.volume_size": "8",
                            "root_block_device.0.volume_type": "gp2",
                            "security_groups.#": "0",
                            "source_dest_check": "true",
                            "subnet_id": "subnet-00652750be06a5fe2",
                            "tags.%": "1",
                            "tags.Name": "default-bastion}",
                            "tenancy": "default",
                            "volume_tags.%": "0",
                            "vpc_security_group_ids.#": "1",
                            "vpc_security_group_ids.4191297173": "sg-01748eb2f0bcd9018"
                        },
                        "meta": {
                            "e2bfb730-ecaa-11e6-8f88-34363bc7c4c0": {
                                "create": 600000000000,
                                "delete": 1200000000000,
                                "update": 600000000000
                            },
                            "schema_version": "1"
                        },
                        "tainted": false
                    },
                    "deposed": [],
                    "provider": "provider.aws"
                },
                "aws_security_group.bastion-sg": {
                    "type": "aws_security_group",
                    "depends_on": [],
                    "primary": {
                        "id": "sg-01748eb2f0bcd9018",
                        "attributes": {
                            "arn": "arn:aws:ec2:us-west-2:798485911321:security-group/sg-01748eb2f0bcd9018",
                            "description": "Managed by Terraform",
                            "egress.#": "1",
                            "egress.482069346.cidr_blocks.#": "1",
                            "egress.482069346.cidr_blocks.0": "0.0.0.0/0",
                            "egress.482069346.description": "",
                            "egress.482069346.from_port": "0",
                            "egress.482069346.ipv6_cidr_blocks.#": "0",
                            "egress.482069346.prefix_list_ids.#": "0",
                            "egress.482069346.protocol": "-1",
                            "egress.482069346.security_groups.#": "0",
                            "egress.482069346.self": "false",
                            "egress.482069346.to_port": "0",
                            "id": "sg-01748eb2f0bcd9018",
                            "ingress.#": "1",
                            "ingress.2541437006.cidr_blocks.#": "1",
                            "ingress.2541437006.cidr_blocks.0": "0.0.0.0/0",
                            "ingress.2541437006.description": "",
                            "ingress.2541437006.from_port": "22",
                            "ingress.2541437006.ipv6_cidr_blocks.#": "0",
                            "ingress.2541437006.prefix_list_ids.#": "0",
                            "ingress.2541437006.protocol": "tcp",
                            "ingress.2541437006.security_groups.#": "0",
                            "ingress.2541437006.self": "false",
                            "ingress.2541437006.to_port": "22",
                            "name": "bastion-security-group",
                            "owner_id": "798485911321",
                            "revoke_rules_on_delete": "false",
                            "tags.%": "0",
                            "vpc_id": "vpc-0f2087c6408b94567"
                        },
                        "meta": {
                            "e2bfb730-ecaa-11e6-8f88-34363bc7c4c0": {
                                "create": 600000000000,
                                "delete": 600000000000
                            },
                            "schema_version": "1"
                        },
                        "tainted": false
                    },
                    "deposed": [],
                    "provider": "provider.aws"
                },
                "data.aws_ami.ubuntu": {
                    "type": "aws_ami",
                    "depends_on": [],
                    "primary": {
                        "id": "ami-0dbd6cabe4749f197",
                        "attributes": {
                            "architecture": "x86_64",
                            "block_device_mappings.#": "3",
                            "block_device_mappings.1634610537.device_name": "/dev/sdb",
                            "block_device_mappings.1634610537.ebs.%": "0",
                            "block_device_mappings.1634610537.no_device": "",
                            "block_device_mappings.1634610537.virtual_name": "ephemeral0",
                            "block_device_mappings.2547816212.device_name": "/dev/sda1",
                            "block_device_mappings.2547816212.ebs.%": "6",
                            "block_device_mappings.2547816212.ebs.delete_on_termination": "true",
                            "block_device_mappings.2547816212.ebs.encrypted": "false",
                            "block_device_mappings.2547816212.ebs.iops": "0",
                            "block_device_mappings.2547816212.ebs.snapshot_id": "snap-0bc863e47ca82b3c5",
                            "block_device_mappings.2547816212.ebs.volume_size": "8",
                            "block_device_mappings.2547816212.ebs.volume_type": "gp2",
                            "block_device_mappings.2547816212.no_device": "",
                            "block_device_mappings.2547816212.virtual_name": "",
                            "block_device_mappings.3850042718.device_name": "/dev/sdc",
                            "block_device_mappings.3850042718.ebs.%": "0",
                            "block_device_mappings.3850042718.no_device": "",
                            "block_device_mappings.3850042718.virtual_name": "ephemeral1",
                            "creation_date": "2018-12-23T14:06:33.000Z",
                            "description": "Canonical, Ubuntu, 16.04 LTS, amd64 xenial image build on 2018-12-23",
                            "filter.#": "2",
                            "filter.1585153008.name": "name",
                            "filter.1585153008.values.#": "1",
                            "filter.1585153008.values.0": "ubuntu/images/hvm-ssd/ubuntu-xenial-16.04-amd64-server-*",
                            "filter.490168357.name": "virtualization-type",
                            "filter.490168357.values.#": "1",
                            "filter.490168357.values.0": "hvm",
                            "hypervisor": "xen",
                            "id": "ami-0dbd6cabe4749f197",
                            "image_id": "ami-0dbd6cabe4749f197",
                            "image_location": "099720109477/ubuntu/images/hvm-ssd/ubuntu-xenial-16.04-amd64-server-20181223",
                            "image_type": "machine",
                            "most_recent": "true",
                            "name": "ubuntu/images/hvm-ssd/ubuntu-xenial-16.04-amd64-server-20181223",
                            "owner_id": "099720109477",
                            "owners.#": "1",
                            "owners.0": "099720109477",
                            "product_codes.#": "0",
                            "public": "true",
                            "root_device_name": "/dev/sda1",
                            "root_device_type": "ebs",
                            "root_snapshot_id": "snap-0bc863e47ca82b3c5",
                            "sriov_net_support": "simple",
                            "state": "available",
                            "state_reason.%": "2",
                            "state_reason.code": "UNSET",
                            "state_reason.message": "UNSET",
                            "tags.%": "0",
                            "virtualization_type": "hvm"
                        },
                        "meta": {},
                        "tainted": false
                    },
                    "deposed": [],
                    "provider": "provider.aws"
                }
            },
            "depends_on": []
        },
        {
            "path": [
                "root",
                "internet_gateway"
            ],
            "outputs": {
                "igw_id": {
                    "sensitive": false,
                    "type": "string",
                    "value": "igw-086123e1a24177288"
                }
            },
            "resources": {
                "aws_internet_gateway.igw": {
                    "type": "aws_internet_gateway",
                    "depends_on": [],
                    "primary": {
                        "id": "igw-086123e1a24177288",
                        "attributes": {
                            "id": "igw-086123e1a24177288",
                            "owner_id": "798485911321",
                            "tags.%": "0",
                            "vpc_id": "vpc-0f2087c6408b94567"
                        },
                        "meta": {},
                        "tainted": false
                    },
                    "deposed": [],
                    "provider": "provider.aws"
                }
            },
            "depends_on": []
        },
        {
            "path": [
                "root",
                "route_tables"
            ],
            "outputs": {
                "public_id": {
                    "sensitive": false,
                    "type": "string",
                    "value": "rtb-0f19c395d5b605f81"
                }
            },
            "resources": {
                "aws_route_table.private-rt": {
                    "type": "aws_route_table",
                    "depends_on": [],
                    "primary": {
                        "id": "rtb-0452ab4b32bee8912",
                        "attributes": {
                            "id": "rtb-0452ab4b32bee8912",
                            "owner_id": "798485911321",
                            "propagating_vgws.#": "0",
                            "route.#": "0",
                            "tags.%": "1",
                            "tags.Name": "default-private-rt",
                            "vpc_id": "vpc-0f2087c6408b94567"
                        },
                        "meta": {},
                        "tainted": false
                    },
                    "deposed": [],
                    "provider": "provider.aws"
                },
                "aws_route_table.public-rt": {
                    "type": "aws_route_table",
                    "depends_on": [],
                    "primary": {
                        "id": "rtb-0f19c395d5b605f81",
                        "attributes": {
                            "id": "rtb-0f19c395d5b605f81",
                            "owner_id": "798485911321",
                            "propagating_vgws.#": "0",
                            "route.#": "1",
                            "route.1882294782.cidr_block": "0.0.0.0/0",
                            "route.1882294782.egress_only_gateway_id": "",
                            "route.1882294782.gateway_id": "igw-086123e1a24177288",
                            "route.1882294782.instance_id": "",
                            "route.1882294782.ipv6_cidr_block": "",
                            "route.1882294782.nat_gateway_id": "",
                            "route.1882294782.network_interface_id": "",
                            "route.1882294782.transit_gateway_id": "",
                            "route.1882294782.vpc_peering_connection_id": "",
                            "tags.%": "1",
                            "tags.Name": "default-public-rt",
                            "vpc_id": "vpc-0f2087c6408b94567"
                        },
                        "meta": {},
                        "tainted": false
                    },
                    "deposed": [],
                    "provider": "provider.aws"
                }
            },
            "depends_on": []
        },
        {
            "path": [
                "root",
                "security_groups"
            ],
            "outputs": {
                "sg-http_id": {
                    "sensitive": false,
                    "type": "string",
                    "value": "sg-00eed19aeb1c3bf8c"
                },
                "sg-https_id": {
                    "sensitive": false,
                    "type": "string",
                    "value": "sg-0058d433ac661db7d"
                },
                "sg-ssh_id": {
                    "sensitive": false,
                    "type": "string",
                    "value": "sg-09b9763d8517be74b"
                }
            },
            "resources": {
                "aws_security_group.http_in_out": {
                    "type": "aws_security_group",
                    "depends_on": [],
                    "primary": {
                        "id": "sg-00eed19aeb1c3bf8c",
                        "attributes": {
                            "arn": "arn:aws:ec2:us-west-2:798485911321:security-group/sg-00eed19aeb1c3bf8c",
                            "description": "Managed by Terraform",
                            "egress.#": "0",
                            "id": "sg-00eed19aeb1c3bf8c",
                            "ingress.#": "0",
                            "name": "default-http_in_out",
                            "owner_id": "798485911321",
                            "revoke_rules_on_delete": "false",
                            "tags.%": "0",
                            "vpc_id": "vpc-0f2087c6408b94567"
                        },
                        "meta": {
                            "e2bfb730-ecaa-11e6-8f88-34363bc7c4c0": {
                                "create": 600000000000,
                                "delete": 600000000000
                            },
                            "schema_version": "1"
                        },
                        "tainted": false
                    },
                    "deposed": [],
                    "provider": "provider.aws"
                },
                "aws_security_group.https_in_out": {
                    "type": "aws_security_group",
                    "depends_on": [],
                    "primary": {
                        "id": "sg-0058d433ac661db7d",
                        "attributes": {
                            "arn": "arn:aws:ec2:us-west-2:798485911321:security-group/sg-0058d433ac661db7d",
                            "description": "Managed by Terraform",
                            "egress.#": "0",
                            "id": "sg-0058d433ac661db7d",
                            "ingress.#": "0",
                            "name": "default-https_in_out",
                            "owner_id": "798485911321",
                            "revoke_rules_on_delete": "false",
                            "tags.%": "0",
                            "vpc_id": "vpc-0f2087c6408b94567"
                        },
                        "meta": {
                            "e2bfb730-ecaa-11e6-8f88-34363bc7c4c0": {
                                "create": 600000000000,
                                "delete": 600000000000
                            },
                            "schema_version": "1"
                        },
                        "tainted": false
                    },
                    "deposed": [],
                    "provider": "provider.aws"
                },
                "aws_security_group.ssh_in_out": {
                    "type": "aws_security_group",
                    "depends_on": [],
                    "primary": {
                        "id": "sg-09b9763d8517be74b",
                        "attributes": {
                            "arn": "arn:aws:ec2:us-west-2:798485911321:security-group/sg-09b9763d8517be74b",
                            "description": "Managed by Terraform",
                            "egress.#": "0",
                            "id": "sg-09b9763d8517be74b",
                            "ingress.#": "0",
                            "name": "default-ssh_in_out",
                            "owner_id": "798485911321",
                            "revoke_rules_on_delete": "false",
                            "tags.%": "0",
                            "vpc_id": "vpc-0f2087c6408b94567"
                        },
                        "meta": {
                            "e2bfb730-ecaa-11e6-8f88-34363bc7c4c0": {
                                "create": 600000000000,
                                "delete": 600000000000
                            },
                            "schema_version": "1"
                        },
                        "tainted": false
                    },
                    "deposed": [],
                    "provider": "provider.aws"
                },
                "aws_security_group_rule.http_in": {
                    "type": "aws_security_group_rule",
                    "depends_on": [
                        "aws_security_group.http_in_out"
                    ],
                    "primary": {
                        "id": "sgrule-2568684734",
                        "attributes": {
                            "cidr_blocks.#": "1",
                            "cidr_blocks.0": "0.0.0.0/0",
                            "from_port": "80",
                            "id": "sgrule-2568684734",
                            "protocol": "tcp",
                            "security_group_id": "sg-00eed19aeb1c3bf8c",
                            "self": "false",
                            "to_port": "80",
                            "type": "ingress"
                        },
                        "meta": {
                            "schema_version": "2"
                        },
                        "tainted": false
                    },
                    "deposed": [],
                    "provider": "provider.aws"
                },
                "aws_security_group_rule.http_out": {
                    "type": "aws_security_group_rule",
                    "depends_on": [
                        "aws_security_group.http_in_out"
                    ],
                    "primary": {
                        "id": "sgrule-411210069",
                        "attributes": {
                            "cidr_blocks.#": "1",
                            "cidr_blocks.0": "0.0.0.0/0",
                            "from_port": "80",
                            "id": "sgrule-411210069",
                            "protocol": "tcp",
                            "security_group_id": "sg-00eed19aeb1c3bf8c",
                            "self": "false",
                            "to_port": "80",
                            "type": "egress"
                        },
                        "meta": {
                            "schema_version": "2"
                        },
                        "tainted": false
                    },
                    "deposed": [],
                    "provider": "provider.aws"
                },
                "aws_security_group_rule.https_in": {
                    "type": "aws_security_group_rule",
                    "depends_on": [
                        "aws_security_group.https_in_out"
                    ],
                    "primary": {
                        "id": "sgrule-3187126126",
                        "attributes": {
                            "cidr_blocks.#": "1",
                            "cidr_blocks.0": "0.0.0.0/0",
                            "from_port": "443",
                            "id": "sgrule-3187126126",
                            "protocol": "tcp",
                            "security_group_id": "sg-0058d433ac661db7d",
                            "self": "false",
                            "to_port": "443",
                            "type": "ingress"
                        },
                        "meta": {
                            "schema_version": "2"
                        },
                        "tainted": false
                    },
                    "deposed": [],
                    "provider": "provider.aws"
                },
                "aws_security_group_rule.https_out": {
                    "type": "aws_security_group_rule",
                    "depends_on": [
                        "aws_security_group.https_in_out"
                    ],
                    "primary": {
                        "id": "sgrule-1082845094",
                        "attributes": {
                            "cidr_blocks.#": "1",
                            "cidr_blocks.0": "0.0.0.0/0",
                            "from_port": "443",
                            "id": "sgrule-1082845094",
                            "protocol": "tcp",
                            "security_group_id": "sg-0058d433ac661db7d",
                            "self": "false",
                            "to_port": "443",
                            "type": "egress"
                        },
                        "meta": {
                            "schema_version": "2"
                        },
                        "tainted": false
                    },
                    "deposed": [],
                    "provider": "provider.aws"
                },
                "aws_security_group_rule.ssh_in": {
                    "type": "aws_security_group_rule",
                    "depends_on": [
                        "aws_security_group.ssh_in_out"
                    ],
                    "primary": {
                        "id": "sgrule-3566776661",
                        "attributes": {
                            "cidr_blocks.#": "1",
                            "cidr_blocks.0": "0.0.0.0/0",
                            "from_port": "0",
                            "id": "sgrule-3566776661",
                            "protocol": "-1",
                            "security_group_id": "sg-09b9763d8517be74b",
                            "self": "false",
                            "to_port": "0",
                            "type": "ingress"
                        },
                        "meta": {
                            "schema_version": "2"
                        },
                        "tainted": false
                    },
                    "deposed": [],
                    "provider": "provider.aws"
                },
                "aws_security_group_rule.ssh_out": {
                    "type": "aws_security_group_rule",
                    "depends_on": [
                        "aws_security_group.ssh_in_out"
                    ],
                    "primary": {
                        "id": "sgrule-693510709",
                        "attributes": {
                            "cidr_blocks.#": "1",
                            "cidr_blocks.0": "0.0.0.0/0",
                            "from_port": "0",
                            "id": "sgrule-693510709",
                            "protocol": "-1",
                            "security_group_id": "sg-09b9763d8517be74b",
                            "self": "false",
                            "to_port": "0",
                            "type": "egress"
                        },
                        "meta": {
                            "schema_version": "2"
                        },
                        "tainted": false
                    },
                    "deposed": [],
                    "provider": "provider.aws"
                }
            },
            "depends_on": []
        },
        {
            "path": [
                "root",
                "subnets"
            ],
            "outputs": {
                "private_subnet_id": {
                    "sensitive": false,
                    "type": "string",
                    "value": "subnet-0bca7b00980cf81ec"
                },
                "public_subnet_id": {
                    "sensitive": false,
                    "type": "string",
                    "value": "subnet-00652750be06a5fe2"
                }
            },
            "resources": {
                "aws_eip.nat_eip": {
                    "type": "aws_eip",
                    "depends_on": [],
                    "primary": {
                        "id": "eipalloc-0707c6249bc589280",
                        "attributes": {
                            "association_id": "",
                            "domain": "vpc",
                            "id": "eipalloc-0707c6249bc589280",
                            "instance": "",
                            "network_interface": "",
                            "private_ip": "",
                            "public_ip": "34.208.64.88",
                            "public_ipv4_pool": "amazon",
                            "tags.%": "0",
                            "vpc": "true"
                        },
                        "meta": {
                            "e2bfb730-ecaa-11e6-8f88-34363bc7c4c0": {
                                "delete": 180000000000,
                                "read": 900000000000,
                                "update": 300000000000
                            }
                        },
                        "tainted": false
                    },
                    "deposed": [],
                    "provider": "provider.aws"
                },
                "aws_nat_gateway.nat": {
                    "type": "aws_nat_gateway",
                    "depends_on": [
                        "aws_eip.nat_eip",
                        "aws_subnet.private"
                    ],
                    "primary": {
                        "id": "nat-00524e2095d8b9f66",
                        "attributes": {
                            "allocation_id": "eipalloc-0707c6249bc589280",
                            "id": "nat-00524e2095d8b9f66",
                            "network_interface_id": "eni-0ba1010a0315fc5be",
                            "private_ip": "10.0.1.212",
                            "public_ip": "34.208.64.88",
                            "subnet_id": "subnet-0bca7b00980cf81ec",
                            "tags.%": "0"
                        },
                        "meta": {},
                        "tainted": false
                    },
                    "deposed": [],
                    "provider": "provider.aws"
                },
                "aws_subnet.private": {
                    "type": "aws_subnet",
                    "depends_on": [],
                    "primary": {
                        "id": "subnet-0bca7b00980cf81ec",
                        "attributes": {
                            "arn": "arn:aws:ec2:us-west-2:798485911321:subnet/subnet-0bca7b00980cf81ec",
                            "assign_ipv6_address_on_creation": "false",
                            "availability_zone": "us-west-2b",
                            "availability_zone_id": "usw2-az1",
                            "cidr_block": "10.0.1.0/24",
                            "id": "subnet-0bca7b00980cf81ec",
                            "ipv6_cidr_block": "",
                            "ipv6_cidr_block_association_id": "",
                            "map_public_ip_on_launch": "false",
                            "owner_id": "798485911321",
                            "tags.%": "1",
                            "tags.Name": "Private Subnet",
                            "vpc_id": "vpc-0f2087c6408b94567"
                        },
                        "meta": {
                            "e2bfb730-ecaa-11e6-8f88-34363bc7c4c0": {
                                "create": 600000000000,
                                "delete": 600000000000
                            },
                            "schema_version": "1"
                        },
                        "tainted": false
                    },
                    "deposed": [],
                    "provider": "provider.aws"
                },
                "aws_subnet.public": {
                    "type": "aws_subnet",
                    "depends_on": [],
                    "primary": {
                        "id": "subnet-00652750be06a5fe2",
                        "attributes": {
                            "arn": "arn:aws:ec2:us-west-2:798485911321:subnet/subnet-00652750be06a5fe2",
                            "assign_ipv6_address_on_creation": "false",
                            "availability_zone": "us-west-2b",
                            "availability_zone_id": "usw2-az1",
                            "cidr_block": "10.0.0.0/24",
                            "id": "subnet-00652750be06a5fe2",
                            "ipv6_cidr_block": "",
                            "ipv6_cidr_block_association_id": "",
                            "map_public_ip_on_launch": "true",
                            "owner_id": "798485911321",
                            "tags.%": "1",
                            "tags.Name": "Public Subnet",
                            "vpc_id": "vpc-0f2087c6408b94567"
                        },
                        "meta": {
                            "e2bfb730-ecaa-11e6-8f88-34363bc7c4c0": {
                                "create": 600000000000,
                                "delete": 600000000000
                            },
                            "schema_version": "1"
                        },
                        "tainted": false
                    },
                    "deposed": [],
                    "provider": "provider.aws"
                }
            },
            "depends_on": []
        },
        {
            "path": [
                "root",
                "vpc_network"
            ],
            "outputs": {
                "vpc_id": {
                    "sensitive": false,
                    "type": "string",
                    "value": "vpc-0f2087c6408b94567"
                }
            },
            "resources": {
                "aws_vpc.gatekeeper-vpc": {
                    "type": "aws_vpc",
                    "depends_on": [],
                    "primary": {
                        "id": "vpc-0f2087c6408b94567",
                        "attributes": {
                            "arn": "arn:aws:ec2:us-west-2:798485911321:vpc/vpc-0f2087c6408b94567",
                            "assign_generated_ipv6_cidr_block": "false",
                            "cidr_block": "10.0.0.0/16",
                            "default_network_acl_id": "acl-01e6397e7af7667f1",
                            "default_route_table_id": "rtb-0752a4bb0a258faed",
                            "default_security_group_id": "sg-061ebf8d8a397d6fc",
                            "dhcp_options_id": "dopt-d53cf6ad",
                            "enable_classiclink": "false",
                            "enable_classiclink_dns_support": "false",
                            "enable_dns_hostnames": "true",
                            "enable_dns_support": "true",
                            "id": "vpc-0f2087c6408b94567",
                            "instance_tenancy": "default",
                            "ipv6_association_id": "",
                            "ipv6_cidr_block": "",
                            "main_route_table_id": "rtb-0752a4bb0a258faed",
                            "owner_id": "798485911321",
                            "tags.%": "0"
                        },
                        "meta": {
                            "schema_version": "1"
                        },
                        "tainted": false
                    },
                    "deposed": [],
                    "provider": "provider.aws"
                }
            },
            "depends_on": []
        },
        {
            "path": [
                "root",
                "webservers"
            ],
            "outputs": {
                "elb_address": {
                    "sensitive": false,
                    "type": "string",
                    "value": "terraform-1714507467.us-west-2.elb.amazonaws.com"
                }
            },
            "resources": {
                "aws_elb.web": {
                    "type": "aws_elb",
                    "depends_on": [
                        "aws_instance.web.*"
                    ],
                    "primary": {
                        "id": "terraform",
                        "attributes": {
                            "access_logs.#": "0",
                            "arn": "arn:aws:elasticloadbalancing:us-west-2:798485911321:loadbalancer/terraform",
                            "availability_zones.#": "1",
                            "availability_zones.221770259": "us-west-2b",
                            "connection_draining": "false",
                            "connection_draining_timeout": "300",
                            "cross_zone_load_balancing": "true",
                            "dns_name": "terraform-1714507467.us-west-2.elb.amazonaws.com",
                            "health_check.#": "1",
                            "health_check.0.healthy_threshold": "10",
                            "health_check.0.interval": "30",
                            "health_check.0.target": "TCP:80",
                            "health_check.0.timeout": "5",
                            "health_check.0.unhealthy_threshold": "2",
                            "id": "terraform",
                            "idle_timeout": "60",
                            "instances.#": "2",
                            "instances.1163651536": "i-0df9d1416274e901e",
                            "instances.4020301926": "i-006526e0f6f04c1a5",
                            "internal": "false",
                            "listener.#": "1",
                            "listener.3057123346.instance_port": "80",
                            "listener.3057123346.instance_protocol": "http",
                            "listener.3057123346.lb_port": "80",
                            "listener.3057123346.lb_protocol": "http",
                            "listener.3057123346.ssl_certificate_id": "",
                            "name": "terraform",
                            "security_groups.#": "1",
                            "security_groups.3056866790": "sg-061ebf8d8a397d6fc",
                            "source_security_group": "798485911321/default",
                            "source_security_group_id": "sg-061ebf8d8a397d6fc",
                            "subnets.#": "1",
                            "subnets.1988632031": "subnet-00652750be06a5fe2",
                            "tags.%": "0",
                            "zone_id": "Z1H1FL5HABSF5"
                        },
                        "meta": {},
                        "tainted": false
                    },
                    "deposed": [],
                    "provider": "provider.aws"
                },
                "aws_instance.web.0": {
                    "type": "aws_instance",
                    "depends_on": [
                        "data.aws_ami.ubuntu"
                    ],
                    "primary": {
                        "id": "i-006526e0f6f04c1a5",
                        "attributes": {
                            "ami": "ami-0dbd6cabe4749f197",
                            "arn": "arn:aws:ec2:us-west-2:798485911321:instance/i-006526e0f6f04c1a5",
                            "associate_public_ip_address": "true",
                            "availability_zone": "us-west-2b",
                            "cpu_core_count": "1",
                            "cpu_threads_per_core": "1",
                            "credit_specification.#": "1",
                            "credit_specification.0.cpu_credits": "standard",
                            "disable_api_termination": "false",
                            "ebs_block_device.#": "0",
                            "ebs_optimized": "false",
                            "ephemeral_block_device.#": "0",
                            "get_password_data": "false",
                            "iam_instance_profile": "",
                            "id": "i-006526e0f6f04c1a5",
                            "instance_state": "running",
                            "instance_type": "t2.micro",
                            "ipv6_addresses.#": "0",
                            "key_name": "keyDesktop",
                            "monitoring": "false",
                            "network_interface.#": "0",
                            "network_interface_id": "eni-019d1f9119680ae56",
                            "password_data": "",
                            "placement_group": "",
                            "primary_network_interface_id": "eni-019d1f9119680ae56",
                            "private_dns": "ip-10-0-0-196.us-west-2.compute.internal",
                            "private_ip": "10.0.0.196",
                            "public_dns": "ec2-54-244-79-39.us-west-2.compute.amazonaws.com",
                            "public_ip": "54.244.79.39",
                            "root_block_device.#": "1",
                            "root_block_device.0.delete_on_termination": "true",
                            "root_block_device.0.iops": "100",
                            "root_block_device.0.volume_id": "vol-01ff32f4cfca3e441",
                            "root_block_device.0.volume_size": "8",
                            "root_block_device.0.volume_type": "gp2",
                            "security_groups.#": "0",
                            "source_dest_check": "true",
                            "subnet_id": "subnet-00652750be06a5fe2",
                            "tags.%": "1",
                            "tags.Name": "Terraform web 0",
                            "tenancy": "default",
                            "volume_tags.%": "0",
                            "vpc_security_group_ids.#": "3",
                            "vpc_security_group_ids.1808085185": "sg-09b9763d8517be74b",
                            "vpc_security_group_ids.2174138757": "sg-00eed19aeb1c3bf8c",
                            "vpc_security_group_ids.300893380": "sg-0058d433ac661db7d"
                        },
                        "meta": {
                            "e2bfb730-ecaa-11e6-8f88-34363bc7c4c0": {
                                "create": 600000000000,
                                "delete": 1200000000000,
                                "update": 600000000000
                            },
                            "schema_version": "1"
                        },
                        "tainted": false
                    },
                    "deposed": [],
                    "provider": "provider.aws"
                },
                "aws_instance.web.1": {
                    "type": "aws_instance",
                    "depends_on": [
                        "data.aws_ami.ubuntu"
                    ],
                    "primary": {
                        "id": "i-0df9d1416274e901e",
                        "attributes": {
                            "ami": "ami-0dbd6cabe4749f197",
                            "arn": "arn:aws:ec2:us-west-2:798485911321:instance/i-0df9d1416274e901e",
                            "associate_public_ip_address": "true",
                            "availability_zone": "us-west-2b",
                            "cpu_core_count": "1",
                            "cpu_threads_per_core": "1",
                            "credit_specification.#": "1",
                            "credit_specification.0.cpu_credits": "standard",
                            "disable_api_termination": "false",
                            "ebs_block_device.#": "0",
                            "ebs_optimized": "false",
                            "ephemeral_block_device.#": "0",
                            "get_password_data": "false",
                            "iam_instance_profile": "",
                            "id": "i-0df9d1416274e901e",
                            "instance_state": "running",
                            "instance_type": "t2.micro",
                            "ipv6_addresses.#": "0",
                            "key_name": "keyDesktop",
                            "monitoring": "false",
                            "network_interface.#": "0",
                            "network_interface_id": "eni-0f68e3f48e6b5d121",
                            "password_data": "",
                            "placement_group": "",
                            "primary_network_interface_id": "eni-0f68e3f48e6b5d121",
                            "private_dns": "ip-10-0-0-219.us-west-2.compute.internal",
                            "private_ip": "10.0.0.219",
                            "public_dns": "ec2-34-221-97-76.us-west-2.compute.amazonaws.com",
                            "public_ip": "34.221.97.76",
                            "root_block_device.#": "1",
                            "root_block_device.0.delete_on_termination": "true",
                            "root_block_device.0.iops": "100",
                            "root_block_device.0.volume_id": "vol-06ce36cf433841ecb",
                            "root_block_device.0.volume_size": "8",
                            "root_block_device.0.volume_type": "gp2",
                            "security_groups.#": "0",
                            "source_dest_check": "true",
                            "subnet_id": "subnet-00652750be06a5fe2",
                            "tags.%": "1",
                            "tags.Name": "Terraform web 1",
                            "tenancy": "default",
                            "volume_tags.%": "0",
                            "vpc_security_group_ids.#": "3",
                            "vpc_security_group_ids.1808085185": "sg-09b9763d8517be74b",
                            "vpc_security_group_ids.2174138757": "sg-00eed19aeb1c3bf8c",
                            "vpc_security_group_ids.300893380": "sg-0058d433ac661db7d"
                        },
                        "meta": {
                            "e2bfb730-ecaa-11e6-8f88-34363bc7c4c0": {
                                "create": 600000000000,
                                "delete": 1200000000000,
                                "update": 600000000000
                            },
                            "schema_version": "1"
                        },
                        "tainted": false
                    },
                    "deposed": [],
                    "provider": "provider.aws"
                },
                "data.aws_ami.ubuntu": {
                    "type": "aws_ami",
                    "depends_on": [],
                    "primary": {
                        "id": "ami-0dbd6cabe4749f197",
                        "attributes": {
                            "architecture": "x86_64",
                            "block_device_mappings.#": "3",
                            "block_device_mappings.1634610537.device_name": "/dev/sdb",
                            "block_device_mappings.1634610537.ebs.%": "0",
                            "block_device_mappings.1634610537.no_device": "",
                            "block_device_mappings.1634610537.virtual_name": "ephemeral0",
                            "block_device_mappings.2547816212.device_name": "/dev/sda1",
                            "block_device_mappings.2547816212.ebs.%": "6",
                            "block_device_mappings.2547816212.ebs.delete_on_termination": "true",
                            "block_device_mappings.2547816212.ebs.encrypted": "false",
                            "block_device_mappings.2547816212.ebs.iops": "0",
                            "block_device_mappings.2547816212.ebs.snapshot_id": "snap-0bc863e47ca82b3c5",
                            "block_device_mappings.2547816212.ebs.volume_size": "8",
                            "block_device_mappings.2547816212.ebs.volume_type": "gp2",
                            "block_device_mappings.2547816212.no_device": "",
                            "block_device_mappings.2547816212.virtual_name": "",
                            "block_device_mappings.3850042718.device_name": "/dev/sdc",
                            "block_device_mappings.3850042718.ebs.%": "0",
                            "block_device_mappings.3850042718.no_device": "",
                            "block_device_mappings.3850042718.virtual_name": "ephemeral1",
                            "creation_date": "2018-12-23T14:06:33.000Z",
                            "description": "Canonical, Ubuntu, 16.04 LTS, amd64 xenial image build on 2018-12-23",
                            "filter.#": "2",
                            "filter.1585153008.name": "name",
                            "filter.1585153008.values.#": "1",
                            "filter.1585153008.values.0": "ubuntu/images/hvm-ssd/ubuntu-xenial-16.04-amd64-server-*",
                            "filter.490168357.name": "virtualization-type",
                            "filter.490168357.values.#": "1",
                            "filter.490168357.values.0": "hvm",
                            "hypervisor": "xen",
                            "id": "ami-0dbd6cabe4749f197",
                            "image_id": "ami-0dbd6cabe4749f197",
                            "image_location": "099720109477/ubuntu/images/hvm-ssd/ubuntu-xenial-16.04-amd64-server-20181223",
                            "image_type": "machine",
                            "most_recent": "true",
                            "name": "ubuntu/images/hvm-ssd/ubuntu-xenial-16.04-amd64-server-20181223",
                            "owner_id": "099720109477",
                            "owners.#": "1",
                            "owners.0": "099720109477",
                            "product_codes.#": "0",
                            "public": "true",
                            "root_device_name": "/dev/sda1",
                            "root_device_type": "ebs",
                            "root_snapshot_id": "snap-0bc863e47ca82b3c5",
                            "sriov_net_support": "simple",
                            "state": "available",
                            "state_reason.%": "2",
                            "state_reason.code": "UNSET",
                            "state_reason.message": "UNSET",
                            "tags.%": "0",
                            "virtualization_type": "hvm"
                        },
                        "meta": {},
                        "tainted": false
                    },
                    "deposed": [],
                    "provider": "provider.aws"
                },
                "data.aws_availability_zones.available": {
                    "type": "aws_availability_zones",
                    "depends_on": [],
                    "primary": {
                        "id": "2019-01-19 22:31:27.813900261 +0000 UTC",
                        "attributes": {
                            "id": "2019-01-19 22:31:27.813900261 +0000 UTC",
                            "names.#": "3",
                            "names.0": "us-west-2a",
                            "names.1": "us-west-2b",
                            "names.2": "us-west-2c",
                            "zone_ids.#": "3",
                            "zone_ids.0": "usw2-az2",
                            "zone_ids.1": "usw2-az1",
                            "zone_ids.2": "usw2-az3"
                        },
                        "meta": {},
                        "tainted": false
                    },
                    "deposed": [],
                    "provider": "provider.aws"
                }
            },
            "depends_on": []
        }
    ]
}
