{
    "version": 3,
    "terraform_version": "0.11.11",
    "serial": 48,
    "lineage": "ea6da64e-599b-2609-b716-ec185b63be1d",
    "modules": [
        {
            "path": [
                "root"
            ],
            "outputs": {},
            "resources": {
                "aws_main_route_table_association.a": {
                    "type": "aws_main_route_table_association",
                    "depends_on": [
                        "module.route_tables",
                        "module.vpc_network"
                    ],
                    "primary": {
                        "id": "rtbassoc-0cc07e5834edec197",
                        "attributes": {
                            "id": "rtbassoc-0cc07e5834edec197",
                            "original_route_table_id": "rtb-02cbdebc1aa5c2f09",
                            "route_table_id": "rtb-0094a0a4fc22162c7",
                            "vpc_id": "vpc-02a8a3358cee3c9a4"
                        },
                        "meta": {},
                        "tainted": false
                    },
                    "deposed": [],
                    "provider": "provider.aws"
                }
            },
            "depends_on": []
        },
        {
            "path": [
                "root",
                "bastion"
            ],
            "outputs": {},
            "resources": {
                "aws_instance.bastion": {
                    "type": "aws_instance",
                    "depends_on": [
                        "aws_security_group.bastion-sg",
                        "data.aws_ami.ubuntu"
                    ],
                    "primary": {
                        "id": "i-0349ee4ffea07d623",
                        "attributes": {
                            "ami": "ami-0dbd6cabe4749f197",
                            "arn": "arn:aws:ec2:us-west-2:798485911321:instance/i-0349ee4ffea07d623",
                            "associate_public_ip_address": "true",
                            "availability_zone": "us-west-2c",
                            "cpu_core_count": "1",
                            "cpu_threads_per_core": "1",
                            "credit_specification.#": "1",
                            "credit_specification.0.cpu_credits": "standard",
                            "disable_api_termination": "false",
                            "ebs_block_device.#": "0",
                            "ebs_optimized": "false",
                            "ephemeral_block_device.#": "0",
                            "get_password_data": "false",
                            "iam_instance_profile": "",
                            "id": "i-0349ee4ffea07d623",
                            "instance_state": "running",
                            "instance_type": "t2.micro",
                            "ipv6_addresses.#": "0",
                            "key_name": "keyDesktop",
                            "monitoring": "true",
                            "network_interface.#": "0",
                            "network_interface_id": "eni-02ab1e277cf34fa0d",
                            "password_data": "",
                            "placement_group": "",
                            "primary_network_interface_id": "eni-02ab1e277cf34fa0d",
                            "private_dns": "ip-10-0-0-58.us-west-2.compute.internal",
                            "private_ip": "10.0.0.58",
                            "public_dns": "ec2-34-209-219-5.us-west-2.compute.amazonaws.com",
                            "public_ip": "34.209.219.5",
                            "root_block_device.#": "1",
                            "root_block_device.0.delete_on_termination": "true",
                            "root_block_device.0.iops": "100",
                            "root_block_device.0.volume_id": "vol-005c47d1a586c19a0",
                            "root_block_device.0.volume_size": "8",
                            "root_block_device.0.volume_type": "gp2",
                            "security_groups.#": "0",
                            "source_dest_check": "true",
                            "subnet_id": "subnet-0603cc067fc0fd048",
                            "tags.%": "1",
                            "tags.Name": "default-bastion}",
                            "tenancy": "default",
                            "volume_tags.%": "0",
                            "vpc_security_group_ids.#": "1",
                            "vpc_security_group_ids.1578512793": "sg-05899aa00be0a0eeb"
                        },
                        "meta": {
                            "e2bfb730-ecaa-11e6-8f88-34363bc7c4c0": {
                                "create": 600000000000,
                                "delete": 1200000000000,
                                "update": 600000000000
                            },
                            "schema_version": "1"
                        },
                        "tainted": false
                    },
                    "deposed": [],
                    "provider": "provider.aws"
                },
                "aws_security_group.bastion-sg": {
                    "type": "aws_security_group",
                    "depends_on": [],
                    "primary": {
                        "id": "sg-05899aa00be0a0eeb",
                        "attributes": {
                            "arn": "arn:aws:ec2:us-west-2:798485911321:security-group/sg-05899aa00be0a0eeb",
                            "description": "Managed by Terraform",
                            "egress.#": "1",
                            "egress.482069346.cidr_blocks.#": "1",
                            "egress.482069346.cidr_blocks.0": "0.0.0.0/0",
                            "egress.482069346.description": "",
                            "egress.482069346.from_port": "0",
                            "egress.482069346.ipv6_cidr_blocks.#": "0",
                            "egress.482069346.prefix_list_ids.#": "0",
                            "egress.482069346.protocol": "-1",
                            "egress.482069346.security_groups.#": "0",
                            "egress.482069346.self": "false",
                            "egress.482069346.to_port": "0",
                            "id": "sg-05899aa00be0a0eeb",
                            "ingress.#": "1",
                            "ingress.2541437006.cidr_blocks.#": "1",
                            "ingress.2541437006.cidr_blocks.0": "0.0.0.0/0",
                            "ingress.2541437006.description": "",
                            "ingress.2541437006.from_port": "22",
                            "ingress.2541437006.ipv6_cidr_blocks.#": "0",
                            "ingress.2541437006.prefix_list_ids.#": "0",
                            "ingress.2541437006.protocol": "tcp",
                            "ingress.2541437006.security_groups.#": "0",
                            "ingress.2541437006.self": "false",
                            "ingress.2541437006.to_port": "22",
                            "name": "bastion-security-group",
                            "owner_id": "798485911321",
                            "revoke_rules_on_delete": "false",
                            "tags.%": "0",
                            "vpc_id": "vpc-02a8a3358cee3c9a4"
                        },
                        "meta": {
                            "e2bfb730-ecaa-11e6-8f88-34363bc7c4c0": {
                                "create": 600000000000,
                                "delete": 600000000000
                            },
                            "schema_version": "1"
                        },
                        "tainted": false
                    },
                    "deposed": [],
                    "provider": "provider.aws"
                },
                "data.aws_ami.ubuntu": {
                    "type": "aws_ami",
                    "depends_on": [],
                    "primary": {
                        "id": "ami-0dbd6cabe4749f197",
                        "attributes": {
                            "architecture": "x86_64",
                            "block_device_mappings.#": "3",
                            "block_device_mappings.1634610537.device_name": "/dev/sdb",
                            "block_device_mappings.1634610537.ebs.%": "0",
                            "block_device_mappings.1634610537.no_device": "",
                            "block_device_mappings.1634610537.virtual_name": "ephemeral0",
                            "block_device_mappings.2547816212.device_name": "/dev/sda1",
                            "block_device_mappings.2547816212.ebs.%": "6",
                            "block_device_mappings.2547816212.ebs.delete_on_termination": "true",
                            "block_device_mappings.2547816212.ebs.encrypted": "false",
                            "block_device_mappings.2547816212.ebs.iops": "0",
                            "block_device_mappings.2547816212.ebs.snapshot_id": "snap-0bc863e47ca82b3c5",
                            "block_device_mappings.2547816212.ebs.volume_size": "8",
                            "block_device_mappings.2547816212.ebs.volume_type": "gp2",
                            "block_device_mappings.2547816212.no_device": "",
                            "block_device_mappings.2547816212.virtual_name": "",
                            "block_device_mappings.3850042718.device_name": "/dev/sdc",
                            "block_device_mappings.3850042718.ebs.%": "0",
                            "block_device_mappings.3850042718.no_device": "",
                            "block_device_mappings.3850042718.virtual_name": "ephemeral1",
                            "creation_date": "2018-12-23T14:06:33.000Z",
                            "description": "Canonical, Ubuntu, 16.04 LTS, amd64 xenial image build on 2018-12-23",
                            "filter.#": "2",
                            "filter.1585153008.name": "name",
                            "filter.1585153008.values.#": "1",
                            "filter.1585153008.values.0": "ubuntu/images/hvm-ssd/ubuntu-xenial-16.04-amd64-server-*",
                            "filter.490168357.name": "virtualization-type",
                            "filter.490168357.values.#": "1",
                            "filter.490168357.values.0": "hvm",
                            "hypervisor": "xen",
                            "id": "ami-0dbd6cabe4749f197",
                            "image_id": "ami-0dbd6cabe4749f197",
                            "image_location": "099720109477/ubuntu/images/hvm-ssd/ubuntu-xenial-16.04-amd64-server-20181223",
                            "image_type": "machine",
                            "most_recent": "true",
                            "name": "ubuntu/images/hvm-ssd/ubuntu-xenial-16.04-amd64-server-20181223",
                            "owner_id": "099720109477",
                            "owners.#": "1",
                            "owners.0": "099720109477",
                            "product_codes.#": "0",
                            "public": "true",
                            "root_device_name": "/dev/sda1",
                            "root_device_type": "ebs",
                            "root_snapshot_id": "snap-0bc863e47ca82b3c5",
                            "sriov_net_support": "simple",
                            "state": "available",
                            "state_reason.%": "2",
                            "state_reason.code": "UNSET",
                            "state_reason.message": "UNSET",
                            "tags.%": "0",
                            "virtualization_type": "hvm"
                        },
                        "meta": {},
                        "tainted": false
                    },
                    "deposed": [],
                    "provider": "provider.aws"
                }
            },
            "depends_on": []
        },
        {
            "path": [
                "root",
                "internet_gateway"
            ],
            "outputs": {
                "igw_id": {
                    "sensitive": false,
                    "type": "string",
                    "value": "igw-08bc3c8ae9546e9c9"
                }
            },
            "resources": {
                "aws_internet_gateway.igw": {
                    "type": "aws_internet_gateway",
                    "depends_on": [],
                    "primary": {
                        "id": "igw-08bc3c8ae9546e9c9",
                        "attributes": {
                            "id": "igw-08bc3c8ae9546e9c9",
                            "owner_id": "798485911321",
                            "tags.%": "0",
                            "vpc_id": "vpc-02a8a3358cee3c9a4"
                        },
                        "meta": {},
                        "tainted": false
                    },
                    "deposed": [],
                    "provider": "provider.aws"
                }
            },
            "depends_on": []
        },
        {
            "path": [
                "root",
                "route_tables"
            ],
            "outputs": {
                "public_id": {
                    "sensitive": false,
                    "type": "string",
                    "value": "rtb-0094a0a4fc22162c7"
                }
            },
            "resources": {
                "aws_route_table.private-rt": {
                    "type": "aws_route_table",
                    "depends_on": [],
                    "primary": {
                        "id": "rtb-0a7978237680ebd25",
                        "attributes": {
                            "id": "rtb-0a7978237680ebd25",
                            "owner_id": "798485911321",
                            "propagating_vgws.#": "0",
                            "route.#": "0",
                            "tags.%": "1",
                            "tags.Name": "default-private-rt",
                            "vpc_id": "vpc-02a8a3358cee3c9a4"
                        },
                        "meta": {},
                        "tainted": false
                    },
                    "deposed": [],
                    "provider": "provider.aws"
                },
                "aws_route_table.public-rt": {
                    "type": "aws_route_table",
                    "depends_on": [],
                    "primary": {
                        "id": "rtb-0094a0a4fc22162c7",
                        "attributes": {
                            "id": "rtb-0094a0a4fc22162c7",
                            "owner_id": "798485911321",
                            "propagating_vgws.#": "0",
                            "route.#": "1",
                            "route.4152912434.cidr_block": "0.0.0.0/0",
                            "route.4152912434.egress_only_gateway_id": "",
                            "route.4152912434.gateway_id": "igw-08bc3c8ae9546e9c9",
                            "route.4152912434.instance_id": "",
                            "route.4152912434.ipv6_cidr_block": "",
                            "route.4152912434.nat_gateway_id": "",
                            "route.4152912434.network_interface_id": "",
                            "route.4152912434.transit_gateway_id": "",
                            "route.4152912434.vpc_peering_connection_id": "",
                            "tags.%": "1",
                            "tags.Name": "default-public-rt",
                            "vpc_id": "vpc-02a8a3358cee3c9a4"
                        },
                        "meta": {},
                        "tainted": false
                    },
                    "deposed": [],
                    "provider": "provider.aws"
                }
            },
            "depends_on": []
        },
        {
            "path": [
                "root",
                "security_groups"
            ],
            "outputs": {
                "sg-http_id": {
                    "sensitive": false,
                    "type": "string",
                    "value": "sg-0d807ddbf91a6f142"
                },
                "sg-https_id": {
                    "sensitive": false,
                    "type": "string",
                    "value": "sg-0a0c580c4566cdd37"
                },
                "sg-ssh_id": {
                    "sensitive": false,
                    "type": "string",
                    "value": "sg-0f0b752f22aa20171"
                }
            },
            "resources": {
                "aws_security_group.http_in_out": {
                    "type": "aws_security_group",
                    "depends_on": [],
                    "primary": {
                        "id": "sg-0d807ddbf91a6f142",
                        "attributes": {
                            "arn": "arn:aws:ec2:us-west-2:798485911321:security-group/sg-0d807ddbf91a6f142",
                            "description": "Managed by Terraform",
                            "egress.#": "0",
                            "id": "sg-0d807ddbf91a6f142",
                            "ingress.#": "0",
                            "name": "default-http_in_out",
                            "owner_id": "798485911321",
                            "revoke_rules_on_delete": "false",
                            "tags.%": "0",
                            "vpc_id": "vpc-02a8a3358cee3c9a4"
                        },
                        "meta": {
                            "e2bfb730-ecaa-11e6-8f88-34363bc7c4c0": {
                                "create": 600000000000,
                                "delete": 600000000000
                            },
                            "schema_version": "1"
                        },
                        "tainted": false
                    },
                    "deposed": [],
                    "provider": "provider.aws"
                },
                "aws_security_group.https_in_out": {
                    "type": "aws_security_group",
                    "depends_on": [],
                    "primary": {
                        "id": "sg-0a0c580c4566cdd37",
                        "attributes": {
                            "arn": "arn:aws:ec2:us-west-2:798485911321:security-group/sg-0a0c580c4566cdd37",
                            "description": "Managed by Terraform",
                            "egress.#": "0",
                            "id": "sg-0a0c580c4566cdd37",
                            "ingress.#": "0",
                            "name": "default-https_in_out",
                            "owner_id": "798485911321",
                            "revoke_rules_on_delete": "false",
                            "tags.%": "0",
                            "vpc_id": "vpc-02a8a3358cee3c9a4"
                        },
                        "meta": {
                            "e2bfb730-ecaa-11e6-8f88-34363bc7c4c0": {
                                "create": 600000000000,
                                "delete": 600000000000
                            },
                            "schema_version": "1"
                        },
                        "tainted": false
                    },
                    "deposed": [],
                    "provider": "provider.aws"
                },
                "aws_security_group.ssh_in_out": {
                    "type": "aws_security_group",
                    "depends_on": [],
                    "primary": {
                        "id": "sg-0f0b752f22aa20171",
                        "attributes": {
                            "arn": "arn:aws:ec2:us-west-2:798485911321:security-group/sg-0f0b752f22aa20171",
                            "description": "Managed by Terraform",
                            "egress.#": "0",
                            "id": "sg-0f0b752f22aa20171",
                            "ingress.#": "0",
                            "name": "default-ssh_in_out",
                            "owner_id": "798485911321",
                            "revoke_rules_on_delete": "false",
                            "tags.%": "0",
                            "vpc_id": "vpc-02a8a3358cee3c9a4"
                        },
                        "meta": {
                            "e2bfb730-ecaa-11e6-8f88-34363bc7c4c0": {
                                "create": 600000000000,
                                "delete": 600000000000
                            },
                            "schema_version": "1"
                        },
                        "tainted": false
                    },
                    "deposed": [],
                    "provider": "provider.aws"
                },
                "aws_security_group_rule.http_in": {
                    "type": "aws_security_group_rule",
                    "depends_on": [
                        "aws_security_group.http_in_out"
                    ],
                    "primary": {
                        "id": "sgrule-699422944",
                        "attributes": {
                            "cidr_blocks.#": "1",
                            "cidr_blocks.0": "0.0.0.0/0",
                            "from_port": "80",
                            "id": "sgrule-699422944",
                            "protocol": "tcp",
                            "security_group_id": "sg-0d807ddbf91a6f142",
                            "self": "false",
                            "to_port": "80",
                            "type": "ingress"
                        },
                        "meta": {
                            "schema_version": "2"
                        },
                        "tainted": false
                    },
                    "deposed": [],
                    "provider": "provider.aws"
                },
                "aws_security_group_rule.http_in8080": {
                    "type": "aws_security_group_rule",
                    "depends_on": [
                        "aws_security_group.http_in_out"
                    ],
                    "primary": {
                        "id": "sgrule-3348784240",
                        "attributes": {
                            "cidr_blocks.#": "1",
                            "cidr_blocks.0": "0.0.0.0/0",
                            "from_port": "8080",
                            "id": "sgrule-3348784240",
                            "protocol": "tcp",
                            "security_group_id": "sg-0d807ddbf91a6f142",
                            "self": "false",
                            "to_port": "8080",
                            "type": "ingress"
                        },
                        "meta": {
                            "schema_version": "2"
                        },
                        "tainted": false
                    },
                    "deposed": [],
                    "provider": "provider.aws"
                },
                "aws_security_group_rule.http_out": {
                    "type": "aws_security_group_rule",
                    "depends_on": [
                        "aws_security_group.http_in_out"
                    ],
                    "primary": {
                        "id": "sgrule-1665592623",
                        "attributes": {
                            "cidr_blocks.#": "1",
                            "cidr_blocks.0": "0.0.0.0/0",
                            "from_port": "80",
                            "id": "sgrule-1665592623",
                            "protocol": "tcp",
                            "security_group_id": "sg-0d807ddbf91a6f142",
                            "self": "false",
                            "to_port": "80",
                            "type": "egress"
                        },
                        "meta": {
                            "schema_version": "2"
                        },
                        "tainted": false
                    },
                    "deposed": [],
                    "provider": "provider.aws"
                },
                "aws_security_group_rule.http_out8080": {
                    "type": "aws_security_group_rule",
                    "depends_on": [
                        "aws_security_group.http_in_out"
                    ],
                    "primary": {
                        "id": "sgrule-1192972589",
                        "attributes": {
                            "cidr_blocks.#": "1",
                            "cidr_blocks.0": "0.0.0.0/0",
                            "from_port": "8080",
                            "id": "sgrule-1192972589",
                            "protocol": "tcp",
                            "security_group_id": "sg-0d807ddbf91a6f142",
                            "self": "false",
                            "to_port": "8080",
                            "type": "egress"
                        },
                        "meta": {
                            "schema_version": "2"
                        },
                        "tainted": false
                    },
                    "deposed": [],
                    "provider": "provider.aws"
                },
                "aws_security_group_rule.https_in": {
                    "type": "aws_security_group_rule",
                    "depends_on": [
                        "aws_security_group.https_in_out"
                    ],
                    "primary": {
                        "id": "sgrule-352331849",
                        "attributes": {
                            "cidr_blocks.#": "1",
                            "cidr_blocks.0": "0.0.0.0/0",
                            "from_port": "443",
                            "id": "sgrule-352331849",
                            "protocol": "tcp",
                            "security_group_id": "sg-0a0c580c4566cdd37",
                            "self": "false",
                            "to_port": "443",
                            "type": "ingress"
                        },
                        "meta": {
                            "schema_version": "2"
                        },
                        "tainted": false
                    },
                    "deposed": [],
                    "provider": "provider.aws"
                },
                "aws_security_group_rule.https_out": {
                    "type": "aws_security_group_rule",
                    "depends_on": [
                        "aws_security_group.https_in_out"
                    ],
                    "primary": {
                        "id": "sgrule-3503461643",
                        "attributes": {
                            "cidr_blocks.#": "1",
                            "cidr_blocks.0": "0.0.0.0/0",
                            "from_port": "443",
                            "id": "sgrule-3503461643",
                            "protocol": "tcp",
                            "security_group_id": "sg-0a0c580c4566cdd37",
                            "self": "false",
                            "to_port": "443",
                            "type": "egress"
                        },
                        "meta": {
                            "schema_version": "2"
                        },
                        "tainted": false
                    },
                    "deposed": [],
                    "provider": "provider.aws"
                },
                "aws_security_group_rule.ssh_in": {
                    "type": "aws_security_group_rule",
                    "depends_on": [
                        "aws_security_group.ssh_in_out"
                    ],
                    "primary": {
                        "id": "sgrule-2001255363",
                        "attributes": {
                            "cidr_blocks.#": "1",
                            "cidr_blocks.0": "0.0.0.0/0",
                            "from_port": "0",
                            "id": "sgrule-2001255363",
                            "protocol": "-1",
                            "security_group_id": "sg-0f0b752f22aa20171",
                            "self": "false",
                            "to_port": "0",
                            "type": "ingress"
                        },
                        "meta": {
                            "schema_version": "2"
                        },
                        "tainted": false
                    },
                    "deposed": [],
                    "provider": "provider.aws"
                },
                "aws_security_group_rule.ssh_out": {
                    "type": "aws_security_group_rule",
                    "depends_on": [
                        "aws_security_group.ssh_in_out"
                    ],
                    "primary": {
                        "id": "sgrule-1163706455",
                        "attributes": {
                            "cidr_blocks.#": "1",
                            "cidr_blocks.0": "0.0.0.0/0",
                            "from_port": "0",
                            "id": "sgrule-1163706455",
                            "protocol": "-1",
                            "security_group_id": "sg-0f0b752f22aa20171",
                            "self": "false",
                            "to_port": "0",
                            "type": "egress"
                        },
                        "meta": {
                            "schema_version": "2"
                        },
                        "tainted": false
                    },
                    "deposed": [],
                    "provider": "provider.aws"
                }
            },
            "depends_on": []
        },
        {
            "path": [
                "root",
                "subnets"
            ],
            "outputs": {
                "private_subnet_id": {
                    "sensitive": false,
                    "type": "string",
                    "value": "subnet-09a222ebacd943c1e"
                },
                "public_subnet_id": {
                    "sensitive": false,
                    "type": "string",
                    "value": "subnet-0603cc067fc0fd048"
                }
            },
            "resources": {
                "aws_eip.nat_eip": {
                    "type": "aws_eip",
                    "depends_on": [],
                    "primary": {
                        "id": "eipalloc-0c8212ad4e78e4312",
                        "attributes": {
                            "association_id": "",
                            "domain": "vpc",
                            "id": "eipalloc-0c8212ad4e78e4312",
                            "instance": "",
                            "network_interface": "",
                            "private_ip": "",
                            "public_ip": "52.89.226.25",
                            "public_ipv4_pool": "amazon",
                            "tags.%": "0",
                            "vpc": "true"
                        },
                        "meta": {
                            "e2bfb730-ecaa-11e6-8f88-34363bc7c4c0": {
                                "delete": 180000000000,
                                "read": 900000000000,
                                "update": 300000000000
                            }
                        },
                        "tainted": false
                    },
                    "deposed": [],
                    "provider": "provider.aws"
                },
                "aws_nat_gateway.nat": {
                    "type": "aws_nat_gateway",
                    "depends_on": [
                        "aws_eip.nat_eip",
                        "aws_subnet.private"
                    ],
                    "primary": {
                        "id": "nat-08cb60b3b5ed31d04",
                        "attributes": {
                            "allocation_id": "eipalloc-0c8212ad4e78e4312",
                            "id": "nat-08cb60b3b5ed31d04",
                            "network_interface_id": "eni-00abcc0af1939b729",
                            "private_ip": "10.0.1.14",
                            "public_ip": "52.89.226.25",
                            "subnet_id": "subnet-09a222ebacd943c1e",
                            "tags.%": "0"
                        },
                        "meta": {},
                        "tainted": false
                    },
                    "deposed": [],
                    "provider": "provider.aws"
                },
                "aws_subnet.private": {
                    "type": "aws_subnet",
                    "depends_on": [],
                    "primary": {
                        "id": "subnet-09a222ebacd943c1e",
                        "attributes": {
                            "arn": "arn:aws:ec2:us-west-2:798485911321:subnet/subnet-09a222ebacd943c1e",
                            "assign_ipv6_address_on_creation": "false",
                            "availability_zone": "us-west-2c",
                            "availability_zone_id": "usw2-az3",
                            "cidr_block": "10.0.1.0/24",
                            "id": "subnet-09a222ebacd943c1e",
                            "ipv6_cidr_block": "",
                            "ipv6_cidr_block_association_id": "",
                            "map_public_ip_on_launch": "false",
                            "owner_id": "798485911321",
                            "tags.%": "1",
                            "tags.Name": "Private Subnet",
                            "vpc_id": "vpc-02a8a3358cee3c9a4"
                        },
                        "meta": {
                            "e2bfb730-ecaa-11e6-8f88-34363bc7c4c0": {
                                "create": 600000000000,
                                "delete": 600000000000
                            },
                            "schema_version": "1"
                        },
                        "tainted": false
                    },
                    "deposed": [],
                    "provider": "provider.aws"
                },
                "aws_subnet.public": {
                    "type": "aws_subnet",
                    "depends_on": [],
                    "primary": {
                        "id": "subnet-0603cc067fc0fd048",
                        "attributes": {
                            "arn": "arn:aws:ec2:us-west-2:798485911321:subnet/subnet-0603cc067fc0fd048",
                            "assign_ipv6_address_on_creation": "false",
                            "availability_zone": "us-west-2c",
                            "availability_zone_id": "usw2-az3",
                            "cidr_block": "10.0.0.0/24",
                            "id": "subnet-0603cc067fc0fd048",
                            "ipv6_cidr_block": "",
                            "ipv6_cidr_block_association_id": "",
                            "map_public_ip_on_launch": "true",
                            "owner_id": "798485911321",
                            "tags.%": "1",
                            "tags.Name": "Public Subnet",
                            "vpc_id": "vpc-02a8a3358cee3c9a4"
                        },
                        "meta": {
                            "e2bfb730-ecaa-11e6-8f88-34363bc7c4c0": {
                                "create": 600000000000,
                                "delete": 600000000000
                            },
                            "schema_version": "1"
                        },
                        "tainted": false
                    },
                    "deposed": [],
                    "provider": "provider.aws"
                }
            },
            "depends_on": []
        },
        {
            "path": [
                "root",
                "vpc_network"
            ],
            "outputs": {
                "vpc_id": {
                    "sensitive": false,
                    "type": "string",
                    "value": "vpc-02a8a3358cee3c9a4"
                }
            },
            "resources": {
                "aws_vpc.gatekeeper-vpc": {
                    "type": "aws_vpc",
                    "depends_on": [],
                    "primary": {
                        "id": "vpc-02a8a3358cee3c9a4",
                        "attributes": {
                            "arn": "arn:aws:ec2:us-west-2:798485911321:vpc/vpc-02a8a3358cee3c9a4",
                            "assign_generated_ipv6_cidr_block": "false",
                            "cidr_block": "10.0.0.0/16",
                            "default_network_acl_id": "acl-003a804155a340dd0",
                            "default_route_table_id": "rtb-02cbdebc1aa5c2f09",
                            "default_security_group_id": "sg-0f612b3f1a053438c",
                            "dhcp_options_id": "dopt-d53cf6ad",
                            "enable_classiclink": "false",
                            "enable_classiclink_dns_support": "false",
                            "enable_dns_hostnames": "true",
                            "enable_dns_support": "true",
                            "id": "vpc-02a8a3358cee3c9a4",
                            "instance_tenancy": "default",
                            "ipv6_association_id": "",
                            "ipv6_cidr_block": "",
                            "main_route_table_id": "rtb-02cbdebc1aa5c2f09",
                            "owner_id": "798485911321",
                            "tags.%": "0"
                        },
                        "meta": {
                            "schema_version": "1"
                        },
                        "tainted": false
                    },
                    "deposed": [],
                    "provider": "provider.aws"
                }
            },
            "depends_on": []
        },
        {
            "path": [
                "root",
                "webservers"
            ],
            "outputs": {},
            "resources": {
                "aws_instance.web.0": {
                    "type": "aws_instance",
                    "depends_on": [
                        "data.aws_ami.ubuntu"
                    ],
                    "primary": {
                        "id": "i-07fec5651aa715bc7",
                        "attributes": {
                            "ami": "ami-0dbd6cabe4749f197",
                            "arn": "arn:aws:ec2:us-west-2:798485911321:instance/i-07fec5651aa715bc7",
                            "associate_public_ip_address": "true",
                            "availability_zone": "us-west-2c",
                            "cpu_core_count": "1",
                            "cpu_threads_per_core": "1",
                            "credit_specification.#": "1",
                            "credit_specification.0.cpu_credits": "standard",
                            "disable_api_termination": "false",
                            "ebs_block_device.#": "0",
                            "ebs_optimized": "false",
                            "ephemeral_block_device.#": "0",
                            "get_password_data": "false",
                            "iam_instance_profile": "",
                            "id": "i-07fec5651aa715bc7",
                            "instance_state": "running",
                            "instance_type": "t2.micro",
                            "ipv6_addresses.#": "0",
                            "key_name": "keyDesktop",
                            "monitoring": "false",
                            "network_interface.#": "0",
                            "network_interface_id": "eni-02550d98062e86ded",
                            "password_data": "",
                            "placement_group": "",
                            "primary_network_interface_id": "eni-02550d98062e86ded",
                            "private_dns": "ip-10-0-0-62.us-west-2.compute.internal",
                            "private_ip": "10.0.0.62",
                            "public_dns": "ec2-52-37-8-117.us-west-2.compute.amazonaws.com",
                            "public_ip": "52.37.8.117",
                            "root_block_device.#": "1",
                            "root_block_device.0.delete_on_termination": "true",
                            "root_block_device.0.iops": "100",
                            "root_block_device.0.volume_id": "vol-09627eab06a6827c2",
                            "root_block_device.0.volume_size": "8",
                            "root_block_device.0.volume_type": "gp2",
                            "security_groups.#": "0",
                            "source_dest_check": "true",
                            "subnet_id": "subnet-0603cc067fc0fd048",
                            "tags.%": "1",
                            "tags.Name": "Terraform web 0",
                            "tenancy": "default",
                            "volume_tags.%": "0",
                            "vpc_security_group_ids.#": "3",
                            "vpc_security_group_ids.2790706141": "sg-0a0c580c4566cdd37",
                            "vpc_security_group_ids.2924771839": "sg-0f0b752f22aa20171",
                            "vpc_security_group_ids.3873779465": "sg-0d807ddbf91a6f142"
                        },
                        "meta": {
                            "e2bfb730-ecaa-11e6-8f88-34363bc7c4c0": {
                                "create": 600000000000,
                                "delete": 1200000000000,
                                "update": 600000000000
                            },
                            "schema_version": "1"
                        },
                        "tainted": true
                    },
                    "deposed": [],
                    "provider": "provider.aws"
                },
                "aws_instance.web.1": {
                    "type": "aws_instance",
                    "depends_on": [
                        "data.aws_ami.ubuntu"
                    ],
                    "primary": {
                        "id": "i-03df7f59431588fb3",
                        "attributes": {
                            "ami": "ami-0dbd6cabe4749f197",
                            "arn": "arn:aws:ec2:us-west-2:798485911321:instance/i-03df7f59431588fb3",
                            "associate_public_ip_address": "true",
                            "availability_zone": "us-west-2c",
                            "cpu_core_count": "1",
                            "cpu_threads_per_core": "1",
                            "credit_specification.#": "1",
                            "credit_specification.0.cpu_credits": "standard",
                            "disable_api_termination": "false",
                            "ebs_block_device.#": "0",
                            "ebs_optimized": "false",
                            "ephemeral_block_device.#": "0",
                            "get_password_data": "false",
                            "iam_instance_profile": "",
                            "id": "i-03df7f59431588fb3",
                            "instance_state": "running",
                            "instance_type": "t2.micro",
                            "ipv6_addresses.#": "0",
                            "key_name": "keyDesktop",
                            "monitoring": "false",
                            "network_interface.#": "0",
                            "network_interface_id": "eni-0cb8b44c94250a216",
                            "password_data": "",
                            "placement_group": "",
                            "primary_network_interface_id": "eni-0cb8b44c94250a216",
                            "private_dns": "ip-10-0-0-43.us-west-2.compute.internal",
                            "private_ip": "10.0.0.43",
                            "public_dns": "ec2-54-202-45-75.us-west-2.compute.amazonaws.com",
                            "public_ip": "54.202.45.75",
                            "root_block_device.#": "1",
                            "root_block_device.0.delete_on_termination": "true",
                            "root_block_device.0.iops": "100",
                            "root_block_device.0.volume_id": "vol-026e0841bd3b2072d",
                            "root_block_device.0.volume_size": "8",
                            "root_block_device.0.volume_type": "gp2",
                            "security_groups.#": "0",
                            "source_dest_check": "true",
                            "subnet_id": "subnet-0603cc067fc0fd048",
                            "tags.%": "1",
                            "tags.Name": "Terraform web 1",
                            "tenancy": "default",
                            "volume_tags.%": "0",
                            "vpc_security_group_ids.#": "3",
                            "vpc_security_group_ids.2790706141": "sg-0a0c580c4566cdd37",
                            "vpc_security_group_ids.2924771839": "sg-0f0b752f22aa20171",
                            "vpc_security_group_ids.3873779465": "sg-0d807ddbf91a6f142"
                        },
                        "meta": {
                            "e2bfb730-ecaa-11e6-8f88-34363bc7c4c0": {
                                "create": 600000000000,
                                "delete": 1200000000000,
                                "update": 600000000000
                            },
                            "schema_version": "1"
                        },
                        "tainted": true
                    },
                    "deposed": [],
                    "provider": "provider.aws"
                },
                "data.aws_ami.ubuntu": {
                    "type": "aws_ami",
                    "depends_on": [],
                    "primary": {
                        "id": "ami-0dbd6cabe4749f197",
                        "attributes": {
                            "architecture": "x86_64",
                            "block_device_mappings.#": "3",
                            "block_device_mappings.1634610537.device_name": "/dev/sdb",
                            "block_device_mappings.1634610537.ebs.%": "0",
                            "block_device_mappings.1634610537.no_device": "",
                            "block_device_mappings.1634610537.virtual_name": "ephemeral0",
                            "block_device_mappings.2547816212.device_name": "/dev/sda1",
                            "block_device_mappings.2547816212.ebs.%": "6",
                            "block_device_mappings.2547816212.ebs.delete_on_termination": "true",
                            "block_device_mappings.2547816212.ebs.encrypted": "false",
                            "block_device_mappings.2547816212.ebs.iops": "0",
                            "block_device_mappings.2547816212.ebs.snapshot_id": "snap-0bc863e47ca82b3c5",
                            "block_device_mappings.2547816212.ebs.volume_size": "8",
                            "block_device_mappings.2547816212.ebs.volume_type": "gp2",
                            "block_device_mappings.2547816212.no_device": "",
                            "block_device_mappings.2547816212.virtual_name": "",
                            "block_device_mappings.3850042718.device_name": "/dev/sdc",
                            "block_device_mappings.3850042718.ebs.%": "0",
                            "block_device_mappings.3850042718.no_device": "",
                            "block_device_mappings.3850042718.virtual_name": "ephemeral1",
                            "creation_date": "2018-12-23T14:06:33.000Z",
                            "description": "Canonical, Ubuntu, 16.04 LTS, amd64 xenial image build on 2018-12-23",
                            "filter.#": "2",
                            "filter.1585153008.name": "name",
                            "filter.1585153008.values.#": "1",
                            "filter.1585153008.values.0": "ubuntu/images/hvm-ssd/ubuntu-xenial-16.04-amd64-server-*",
                            "filter.490168357.name": "virtualization-type",
                            "filter.490168357.values.#": "1",
                            "filter.490168357.values.0": "hvm",
                            "hypervisor": "xen",
                            "id": "ami-0dbd6cabe4749f197",
                            "image_id": "ami-0dbd6cabe4749f197",
                            "image_location": "099720109477/ubuntu/images/hvm-ssd/ubuntu-xenial-16.04-amd64-server-20181223",
                            "image_type": "machine",
                            "most_recent": "true",
                            "name": "ubuntu/images/hvm-ssd/ubuntu-xenial-16.04-amd64-server-20181223",
                            "owner_id": "099720109477",
                            "owners.#": "1",
                            "owners.0": "099720109477",
                            "product_codes.#": "0",
                            "public": "true",
                            "root_device_name": "/dev/sda1",
                            "root_device_type": "ebs",
                            "root_snapshot_id": "snap-0bc863e47ca82b3c5",
                            "sriov_net_support": "simple",
                            "state": "available",
                            "state_reason.%": "2",
                            "state_reason.code": "UNSET",
                            "state_reason.message": "UNSET",
                            "tags.%": "0",
                            "virtualization_type": "hvm"
                        },
                        "meta": {},
                        "tainted": false
                    },
                    "deposed": [],
                    "provider": "provider.aws"
                },
                "data.aws_availability_zones.available": {
                    "type": "aws_availability_zones",
                    "depends_on": [],
                    "primary": {
                        "id": "2019-01-21 07:08:22.912992221 +0000 UTC",
                        "attributes": {
                            "id": "2019-01-21 07:08:22.912992221 +0000 UTC",
                            "names.#": "3",
                            "names.0": "us-west-2a",
                            "names.1": "us-west-2b",
                            "names.2": "us-west-2c",
                            "zone_ids.#": "3",
                            "zone_ids.0": "usw2-az2",
                            "zone_ids.1": "usw2-az1",
                            "zone_ids.2": "usw2-az3"
                        },
                        "meta": {},
                        "tainted": false
                    },
                    "deposed": [],
                    "provider": "provider.aws"
                }
            },
            "depends_on": []
        }
    ]
}
