{
    "version": 3,
    "terraform_version": "0.11.11",
    "serial": 71,
    "lineage": "ea6da64e-599b-2609-b716-ec185b63be1d",
    "modules": [
        {
            "path": [
                "root"
            ],
            "outputs": {},
            "resources": {
                "aws_main_route_table_association.a": {
                    "type": "aws_main_route_table_association",
                    "depends_on": [
                        "module.route_tables",
                        "module.vpc_network"
                    ],
                    "primary": {
                        "id": "rtbassoc-05710d8b1d3a537ca",
                        "attributes": {
                            "id": "rtbassoc-05710d8b1d3a537ca",
                            "original_route_table_id": "rtb-0f143f026c24b11a0",
                            "route_table_id": "rtb-0e3538abef5e5b084",
                            "vpc_id": "vpc-0c664a9c46d8e32c6"
                        },
                        "meta": {},
                        "tainted": false
                    },
                    "deposed": [],
                    "provider": "provider.aws"
                }
            },
            "depends_on": []
        },
        {
            "path": [
                "root",
                "bastion"
            ],
            "outputs": {},
            "resources": {
                "aws_instance.bastion": {
                    "type": "aws_instance",
                    "depends_on": [
                        "aws_security_group.bastion-sg",
                        "data.aws_ami.ubuntu"
                    ],
                    "primary": {
                        "id": "i-0803360df5d1b6a7d",
                        "attributes": {
                            "ami": "ami-0dbd6cabe4749f197",
                            "arn": "arn:aws:ec2:us-west-2:798485911321:instance/i-0803360df5d1b6a7d",
                            "associate_public_ip_address": "true",
                            "availability_zone": "us-west-2b",
                            "cpu_core_count": "1",
                            "cpu_threads_per_core": "1",
                            "credit_specification.#": "1",
                            "credit_specification.0.cpu_credits": "standard",
                            "disable_api_termination": "false",
                            "ebs_block_device.#": "0",
                            "ebs_optimized": "false",
                            "ephemeral_block_device.#": "0",
                            "get_password_data": "false",
                            "iam_instance_profile": "",
                            "id": "i-0803360df5d1b6a7d",
                            "instance_state": "running",
                            "instance_type": "t2.micro",
                            "ipv6_addresses.#": "0",
                            "key_name": "jello",
                            "monitoring": "true",
                            "network_interface.#": "0",
                            "network_interface_id": "eni-0505d2c120a7b05b5",
                            "password_data": "",
                            "placement_group": "",
                            "primary_network_interface_id": "eni-0505d2c120a7b05b5",
                            "private_dns": "ip-10-0-0-229.us-west-2.compute.internal",
                            "private_ip": "10.0.0.229",
                            "public_dns": "ec2-52-41-162-226.us-west-2.compute.amazonaws.com",
                            "public_ip": "52.41.162.226",
                            "root_block_device.#": "1",
                            "root_block_device.0.delete_on_termination": "true",
                            "root_block_device.0.iops": "100",
                            "root_block_device.0.volume_id": "vol-080791e8b52c3d4c3",
                            "root_block_device.0.volume_size": "8",
                            "root_block_device.0.volume_type": "gp2",
                            "security_groups.#": "0",
                            "source_dest_check": "true",
                            "subnet_id": "subnet-069a425d734652276",
                            "tags.%": "1",
                            "tags.Name": "default-bastion}",
                            "tenancy": "default",
                            "volume_tags.%": "0",
                            "vpc_security_group_ids.#": "1",
                            "vpc_security_group_ids.1180723545": "sg-020f14fa4f54e6b34"
                        },
                        "meta": {
                            "e2bfb730-ecaa-11e6-8f88-34363bc7c4c0": {
                                "create": 600000000000,
                                "delete": 1200000000000,
                                "update": 600000000000
                            },
                            "schema_version": "1"
                        },
                        "tainted": false
                    },
                    "deposed": [],
                    "provider": "provider.aws"
                },
                "aws_security_group.bastion-sg": {
                    "type": "aws_security_group",
                    "depends_on": [],
                    "primary": {
                        "id": "sg-020f14fa4f54e6b34",
                        "attributes": {
                            "arn": "arn:aws:ec2:us-west-2:798485911321:security-group/sg-020f14fa4f54e6b34",
                            "description": "Managed by Terraform",
                            "egress.#": "1",
                            "egress.482069346.cidr_blocks.#": "1",
                            "egress.482069346.cidr_blocks.0": "0.0.0.0/0",
                            "egress.482069346.description": "",
                            "egress.482069346.from_port": "0",
                            "egress.482069346.ipv6_cidr_blocks.#": "0",
                            "egress.482069346.prefix_list_ids.#": "0",
                            "egress.482069346.protocol": "-1",
                            "egress.482069346.security_groups.#": "0",
                            "egress.482069346.self": "false",
                            "egress.482069346.to_port": "0",
                            "id": "sg-020f14fa4f54e6b34",
                            "ingress.#": "1",
                            "ingress.2541437006.cidr_blocks.#": "1",
                            "ingress.2541437006.cidr_blocks.0": "0.0.0.0/0",
                            "ingress.2541437006.description": "",
                            "ingress.2541437006.from_port": "22",
                            "ingress.2541437006.ipv6_cidr_blocks.#": "0",
                            "ingress.2541437006.prefix_list_ids.#": "0",
                            "ingress.2541437006.protocol": "tcp",
                            "ingress.2541437006.security_groups.#": "0",
                            "ingress.2541437006.self": "false",
                            "ingress.2541437006.to_port": "22",
                            "name": "bastion-security-group",
                            "owner_id": "798485911321",
                            "revoke_rules_on_delete": "false",
                            "tags.%": "0",
                            "vpc_id": "vpc-0c664a9c46d8e32c6"
                        },
                        "meta": {
                            "e2bfb730-ecaa-11e6-8f88-34363bc7c4c0": {
                                "create": 600000000000,
                                "delete": 600000000000
                            },
                            "schema_version": "1"
                        },
                        "tainted": false
                    },
                    "deposed": [],
                    "provider": "provider.aws"
                },
                "data.aws_ami.ubuntu": {
                    "type": "aws_ami",
                    "depends_on": [],
                    "primary": {
                        "id": "ami-0dbd6cabe4749f197",
                        "attributes": {
                            "architecture": "x86_64",
                            "block_device_mappings.#": "3",
                            "block_device_mappings.1634610537.device_name": "/dev/sdb",
                            "block_device_mappings.1634610537.ebs.%": "0",
                            "block_device_mappings.1634610537.no_device": "",
                            "block_device_mappings.1634610537.virtual_name": "ephemeral0",
                            "block_device_mappings.2547816212.device_name": "/dev/sda1",
                            "block_device_mappings.2547816212.ebs.%": "6",
                            "block_device_mappings.2547816212.ebs.delete_on_termination": "true",
                            "block_device_mappings.2547816212.ebs.encrypted": "false",
                            "block_device_mappings.2547816212.ebs.iops": "0",
                            "block_device_mappings.2547816212.ebs.snapshot_id": "snap-0bc863e47ca82b3c5",
                            "block_device_mappings.2547816212.ebs.volume_size": "8",
                            "block_device_mappings.2547816212.ebs.volume_type": "gp2",
                            "block_device_mappings.2547816212.no_device": "",
                            "block_device_mappings.2547816212.virtual_name": "",
                            "block_device_mappings.3850042718.device_name": "/dev/sdc",
                            "block_device_mappings.3850042718.ebs.%": "0",
                            "block_device_mappings.3850042718.no_device": "",
                            "block_device_mappings.3850042718.virtual_name": "ephemeral1",
                            "creation_date": "2018-12-23T14:06:33.000Z",
                            "description": "Canonical, Ubuntu, 16.04 LTS, amd64 xenial image build on 2018-12-23",
                            "filter.#": "2",
                            "filter.1585153008.name": "name",
                            "filter.1585153008.values.#": "1",
                            "filter.1585153008.values.0": "ubuntu/images/hvm-ssd/ubuntu-xenial-16.04-amd64-server-*",
                            "filter.490168357.name": "virtualization-type",
                            "filter.490168357.values.#": "1",
                            "filter.490168357.values.0": "hvm",
                            "hypervisor": "xen",
                            "id": "ami-0dbd6cabe4749f197",
                            "image_id": "ami-0dbd6cabe4749f197",
                            "image_location": "099720109477/ubuntu/images/hvm-ssd/ubuntu-xenial-16.04-amd64-server-20181223",
                            "image_type": "machine",
                            "most_recent": "true",
                            "name": "ubuntu/images/hvm-ssd/ubuntu-xenial-16.04-amd64-server-20181223",
                            "owner_id": "099720109477",
                            "owners.#": "1",
                            "owners.0": "099720109477",
                            "product_codes.#": "0",
                            "public": "true",
                            "root_device_name": "/dev/sda1",
                            "root_device_type": "ebs",
                            "root_snapshot_id": "snap-0bc863e47ca82b3c5",
                            "sriov_net_support": "simple",
                            "state": "available",
                            "state_reason.%": "2",
                            "state_reason.code": "UNSET",
                            "state_reason.message": "UNSET",
                            "tags.%": "0",
                            "virtualization_type": "hvm"
                        },
                        "meta": {},
                        "tainted": false
                    },
                    "deposed": [],
                    "provider": "provider.aws"
                }
            },
            "depends_on": []
        },
        {
            "path": [
                "root",
                "internet_gateway"
            ],
            "outputs": {
                "igw_id": {
                    "sensitive": false,
                    "type": "string",
                    "value": "igw-0edf435a94622017d"
                }
            },
            "resources": {
                "aws_internet_gateway.igw": {
                    "type": "aws_internet_gateway",
                    "depends_on": [],
                    "primary": {
                        "id": "igw-0edf435a94622017d",
                        "attributes": {
                            "id": "igw-0edf435a94622017d",
                            "owner_id": "798485911321",
                            "tags.%": "0",
                            "vpc_id": "vpc-0c664a9c46d8e32c6"
                        },
                        "meta": {},
                        "tainted": false
                    },
                    "deposed": [],
                    "provider": "provider.aws"
                }
            },
            "depends_on": []
        },
        {
            "path": [
                "root",
                "route_tables"
            ],
            "outputs": {
                "public_id": {
                    "sensitive": false,
                    "type": "string",
                    "value": "rtb-0e3538abef5e5b084"
                }
            },
            "resources": {
                "aws_route_table.private-rt": {
                    "type": "aws_route_table",
                    "depends_on": [],
                    "primary": {
                        "id": "rtb-0aa1f3a9ff2912e7d",
                        "attributes": {
                            "id": "rtb-0aa1f3a9ff2912e7d",
                            "owner_id": "798485911321",
                            "propagating_vgws.#": "0",
                            "route.#": "0",
                            "tags.%": "1",
                            "tags.Name": "default-private-rt",
                            "vpc_id": "vpc-0c664a9c46d8e32c6"
                        },
                        "meta": {},
                        "tainted": false
                    },
                    "deposed": [],
                    "provider": "provider.aws"
                },
                "aws_route_table.public-rt": {
                    "type": "aws_route_table",
                    "depends_on": [],
                    "primary": {
                        "id": "rtb-0e3538abef5e5b084",
                        "attributes": {
                            "id": "rtb-0e3538abef5e5b084",
                            "owner_id": "798485911321",
                            "propagating_vgws.#": "0",
                            "route.#": "1",
                            "route.1820717558.cidr_block": "0.0.0.0/0",
                            "route.1820717558.egress_only_gateway_id": "",
                            "route.1820717558.gateway_id": "igw-0edf435a94622017d",
                            "route.1820717558.instance_id": "",
                            "route.1820717558.ipv6_cidr_block": "",
                            "route.1820717558.nat_gateway_id": "",
                            "route.1820717558.network_interface_id": "",
                            "route.1820717558.transit_gateway_id": "",
                            "route.1820717558.vpc_peering_connection_id": "",
                            "tags.%": "1",
                            "tags.Name": "default-public-rt",
                            "vpc_id": "vpc-0c664a9c46d8e32c6"
                        },
                        "meta": {},
                        "tainted": false
                    },
                    "deposed": [],
                    "provider": "provider.aws"
                }
            },
            "depends_on": []
        },
        {
            "path": [
                "root",
                "security_groups"
            ],
            "outputs": {
                "sg-http_id": {
                    "sensitive": false,
                    "type": "string",
                    "value": "sg-03224fb82b48d4b2c"
                },
                "sg-https_id": {
                    "sensitive": false,
                    "type": "string",
                    "value": "sg-0cb7235d2284d99ac"
                },
                "sg-ssh_id": {
                    "sensitive": false,
                    "type": "string",
                    "value": "sg-0f78a1aab2f1d5e89"
                }
            },
            "resources": {
                "aws_security_group.http_in_out": {
                    "type": "aws_security_group",
                    "depends_on": [],
                    "primary": {
                        "id": "sg-03224fb82b48d4b2c",
                        "attributes": {
                            "arn": "arn:aws:ec2:us-west-2:798485911321:security-group/sg-03224fb82b48d4b2c",
                            "description": "Managed by Terraform",
                            "egress.#": "0",
                            "id": "sg-03224fb82b48d4b2c",
                            "ingress.#": "0",
                            "name": "default-http_in_out",
                            "owner_id": "798485911321",
                            "revoke_rules_on_delete": "false",
                            "tags.%": "0",
                            "vpc_id": "vpc-0c664a9c46d8e32c6"
                        },
                        "meta": {
                            "e2bfb730-ecaa-11e6-8f88-34363bc7c4c0": {
                                "create": 600000000000,
                                "delete": 600000000000
                            },
                            "schema_version": "1"
                        },
                        "tainted": false
                    },
                    "deposed": [],
                    "provider": "provider.aws"
                },
                "aws_security_group.https_in_out": {
                    "type": "aws_security_group",
                    "depends_on": [],
                    "primary": {
                        "id": "sg-0cb7235d2284d99ac",
                        "attributes": {
                            "arn": "arn:aws:ec2:us-west-2:798485911321:security-group/sg-0cb7235d2284d99ac",
                            "description": "Managed by Terraform",
                            "egress.#": "0",
                            "id": "sg-0cb7235d2284d99ac",
                            "ingress.#": "0",
                            "name": "default-https_in_out",
                            "owner_id": "798485911321",
                            "revoke_rules_on_delete": "false",
                            "tags.%": "0",
                            "vpc_id": "vpc-0c664a9c46d8e32c6"
                        },
                        "meta": {
                            "e2bfb730-ecaa-11e6-8f88-34363bc7c4c0": {
                                "create": 600000000000,
                                "delete": 600000000000
                            },
                            "schema_version": "1"
                        },
                        "tainted": false
                    },
                    "deposed": [],
                    "provider": "provider.aws"
                },
                "aws_security_group.ssh_in_out": {
                    "type": "aws_security_group",
                    "depends_on": [],
                    "primary": {
                        "id": "sg-0f78a1aab2f1d5e89",
                        "attributes": {
                            "arn": "arn:aws:ec2:us-west-2:798485911321:security-group/sg-0f78a1aab2f1d5e89",
                            "description": "Managed by Terraform",
                            "egress.#": "0",
                            "id": "sg-0f78a1aab2f1d5e89",
                            "ingress.#": "0",
                            "name": "default-ssh_in_out",
                            "owner_id": "798485911321",
                            "revoke_rules_on_delete": "false",
                            "tags.%": "0",
                            "vpc_id": "vpc-0c664a9c46d8e32c6"
                        },
                        "meta": {
                            "e2bfb730-ecaa-11e6-8f88-34363bc7c4c0": {
                                "create": 600000000000,
                                "delete": 600000000000
                            },
                            "schema_version": "1"
                        },
                        "tainted": false
                    },
                    "deposed": [],
                    "provider": "provider.aws"
                },
                "aws_security_group_rule.http_in": {
                    "type": "aws_security_group_rule",
                    "depends_on": [
                        "aws_security_group.http_in_out"
                    ],
                    "primary": {
                        "id": "sgrule-3384542400",
                        "attributes": {
                            "cidr_blocks.#": "1",
                            "cidr_blocks.0": "0.0.0.0/0",
                            "from_port": "80",
                            "id": "sgrule-3384542400",
                            "protocol": "tcp",
                            "security_group_id": "sg-03224fb82b48d4b2c",
                            "self": "false",
                            "to_port": "80",
                            "type": "ingress"
                        },
                        "meta": {
                            "schema_version": "2"
                        },
                        "tainted": false
                    },
                    "deposed": [],
                    "provider": "provider.aws"
                },
                "aws_security_group_rule.http_in8080": {
                    "type": "aws_security_group_rule",
                    "depends_on": [
                        "aws_security_group.http_in_out"
                    ],
                    "primary": {
                        "id": "sgrule-246526446",
                        "attributes": {
                            "cidr_blocks.#": "1",
                            "cidr_blocks.0": "0.0.0.0/0",
                            "from_port": "8080",
                            "id": "sgrule-246526446",
                            "protocol": "tcp",
                            "security_group_id": "sg-03224fb82b48d4b2c",
                            "self": "false",
                            "to_port": "8080",
                            "type": "ingress"
                        },
                        "meta": {
                            "schema_version": "2"
                        },
                        "tainted": false
                    },
                    "deposed": [],
                    "provider": "provider.aws"
                },
                "aws_security_group_rule.http_out": {
                    "type": "aws_security_group_rule",
                    "depends_on": [
                        "aws_security_group.http_in_out"
                    ],
                    "primary": {
                        "id": "sgrule-3136541477",
                        "attributes": {
                            "cidr_blocks.#": "1",
                            "cidr_blocks.0": "0.0.0.0/0",
                            "from_port": "80",
                            "id": "sgrule-3136541477",
                            "protocol": "tcp",
                            "security_group_id": "sg-03224fb82b48d4b2c",
                            "self": "false",
                            "to_port": "80",
                            "type": "egress"
                        },
                        "meta": {
                            "schema_version": "2"
                        },
                        "tainted": false
                    },
                    "deposed": [],
                    "provider": "provider.aws"
                },
                "aws_security_group_rule.http_out8080": {
                    "type": "aws_security_group_rule",
                    "depends_on": [
                        "aws_security_group.http_in_out"
                    ],
                    "primary": {
                        "id": "sgrule-1626229086",
                        "attributes": {
                            "cidr_blocks.#": "1",
                            "cidr_blocks.0": "0.0.0.0/0",
                            "from_port": "8080",
                            "id": "sgrule-1626229086",
                            "protocol": "tcp",
                            "security_group_id": "sg-03224fb82b48d4b2c",
                            "self": "false",
                            "to_port": "8080",
                            "type": "egress"
                        },
                        "meta": {
                            "schema_version": "2"
                        },
                        "tainted": false
                    },
                    "deposed": [],
                    "provider": "provider.aws"
                },
                "aws_security_group_rule.https_in": {
                    "type": "aws_security_group_rule",
                    "depends_on": [
                        "aws_security_group.https_in_out"
                    ],
                    "primary": {
                        "id": "sgrule-643945806",
                        "attributes": {
                            "cidr_blocks.#": "1",
                            "cidr_blocks.0": "0.0.0.0/0",
                            "from_port": "443",
                            "id": "sgrule-643945806",
                            "protocol": "tcp",
                            "security_group_id": "sg-0cb7235d2284d99ac",
                            "self": "false",
                            "to_port": "443",
                            "type": "ingress"
                        },
                        "meta": {
                            "schema_version": "2"
                        },
                        "tainted": false
                    },
                    "deposed": [],
                    "provider": "provider.aws"
                },
                "aws_security_group_rule.https_out": {
                    "type": "aws_security_group_rule",
                    "depends_on": [
                        "aws_security_group.https_in_out"
                    ],
                    "primary": {
                        "id": "sgrule-2989651814",
                        "attributes": {
                            "cidr_blocks.#": "1",
                            "cidr_blocks.0": "0.0.0.0/0",
                            "from_port": "443",
                            "id": "sgrule-2989651814",
                            "protocol": "tcp",
                            "security_group_id": "sg-0cb7235d2284d99ac",
                            "self": "false",
                            "to_port": "443",
                            "type": "egress"
                        },
                        "meta": {
                            "schema_version": "2"
                        },
                        "tainted": false
                    },
                    "deposed": [],
                    "provider": "provider.aws"
                },
                "aws_security_group_rule.ssh_in": {
                    "type": "aws_security_group_rule",
                    "depends_on": [
                        "aws_security_group.ssh_in_out"
                    ],
                    "primary": {
                        "id": "sgrule-500899248",
                        "attributes": {
                            "cidr_blocks.#": "1",
                            "cidr_blocks.0": "0.0.0.0/0",
                            "from_port": "0",
                            "id": "sgrule-500899248",
                            "protocol": "-1",
                            "security_group_id": "sg-0f78a1aab2f1d5e89",
                            "self": "false",
                            "to_port": "0",
                            "type": "ingress"
                        },
                        "meta": {
                            "schema_version": "2"
                        },
                        "tainted": false
                    },
                    "deposed": [],
                    "provider": "provider.aws"
                },
                "aws_security_group_rule.ssh_out": {
                    "type": "aws_security_group_rule",
                    "depends_on": [
                        "aws_security_group.ssh_in_out"
                    ],
                    "primary": {
                        "id": "sgrule-1725579590",
                        "attributes": {
                            "cidr_blocks.#": "1",
                            "cidr_blocks.0": "0.0.0.0/0",
                            "from_port": "0",
                            "id": "sgrule-1725579590",
                            "protocol": "-1",
                            "security_group_id": "sg-0f78a1aab2f1d5e89",
                            "self": "false",
                            "to_port": "0",
                            "type": "egress"
                        },
                        "meta": {
                            "schema_version": "2"
                        },
                        "tainted": false
                    },
                    "deposed": [],
                    "provider": "provider.aws"
                }
            },
            "depends_on": []
        },
        {
            "path": [
                "root",
                "subnets"
            ],
            "outputs": {
                "private_subnet_id": {
                    "sensitive": false,
                    "type": "string",
                    "value": "subnet-0a1a55fd4f10fcae6"
                },
                "public_subnet_id": {
                    "sensitive": false,
                    "type": "string",
                    "value": "subnet-069a425d734652276"
                }
            },
            "resources": {
                "aws_eip.nat_eip": {
                    "type": "aws_eip",
                    "depends_on": [],
                    "primary": {
                        "id": "eipalloc-0bb20b2d21b12b2e3",
                        "attributes": {
                            "association_id": "",
                            "domain": "vpc",
                            "id": "eipalloc-0bb20b2d21b12b2e3",
                            "instance": "",
                            "network_interface": "",
                            "private_ip": "",
                            "public_ip": "34.212.208.253",
                            "public_ipv4_pool": "amazon",
                            "tags.%": "0",
                            "vpc": "true"
                        },
                        "meta": {
                            "e2bfb730-ecaa-11e6-8f88-34363bc7c4c0": {
                                "delete": 180000000000,
                                "read": 900000000000,
                                "update": 300000000000
                            }
                        },
                        "tainted": false
                    },
                    "deposed": [],
                    "provider": "provider.aws"
                },
                "aws_nat_gateway.nat": {
                    "type": "aws_nat_gateway",
                    "depends_on": [
                        "aws_eip.nat_eip",
                        "aws_subnet.private"
                    ],
                    "primary": {
                        "id": "nat-0765ccc71630675a3",
                        "attributes": {
                            "allocation_id": "eipalloc-0bb20b2d21b12b2e3",
                            "id": "nat-0765ccc71630675a3",
                            "network_interface_id": "eni-0cb4f1a2dc9d26fd2",
                            "private_ip": "10.0.1.120",
                            "public_ip": "34.212.208.253",
                            "subnet_id": "subnet-0a1a55fd4f10fcae6",
                            "tags.%": "0"
                        },
                        "meta": {},
                        "tainted": false
                    },
                    "deposed": [],
                    "provider": "provider.aws"
                },
                "aws_subnet.private": {
                    "type": "aws_subnet",
                    "depends_on": [],
                    "primary": {
                        "id": "subnet-0a1a55fd4f10fcae6",
                        "attributes": {
                            "arn": "arn:aws:ec2:us-west-2:798485911321:subnet/subnet-0a1a55fd4f10fcae6",
                            "assign_ipv6_address_on_creation": "false",
                            "availability_zone": "us-west-2c",
                            "availability_zone_id": "usw2-az3",
                            "cidr_block": "10.0.1.0/24",
                            "id": "subnet-0a1a55fd4f10fcae6",
                            "ipv6_cidr_block": "",
                            "ipv6_cidr_block_association_id": "",
                            "map_public_ip_on_launch": "false",
                            "owner_id": "798485911321",
                            "tags.%": "1",
                            "tags.Name": "Private Subnet",
                            "vpc_id": "vpc-0c664a9c46d8e32c6"
                        },
                        "meta": {
                            "e2bfb730-ecaa-11e6-8f88-34363bc7c4c0": {
                                "create": 600000000000,
                                "delete": 600000000000
                            },
                            "schema_version": "1"
                        },
                        "tainted": false
                    },
                    "deposed": [],
                    "provider": "provider.aws"
                },
                "aws_subnet.public": {
                    "type": "aws_subnet",
                    "depends_on": [],
                    "primary": {
                        "id": "subnet-069a425d734652276",
                        "attributes": {
                            "arn": "arn:aws:ec2:us-west-2:798485911321:subnet/subnet-069a425d734652276",
                            "assign_ipv6_address_on_creation": "false",
                            "availability_zone": "us-west-2b",
                            "availability_zone_id": "usw2-az1",
                            "cidr_block": "10.0.0.0/24",
                            "id": "subnet-069a425d734652276",
                            "ipv6_cidr_block": "",
                            "ipv6_cidr_block_association_id": "",
                            "map_public_ip_on_launch": "true",
                            "owner_id": "798485911321",
                            "tags.%": "1",
                            "tags.Name": "Public Subnet",
                            "vpc_id": "vpc-0c664a9c46d8e32c6"
                        },
                        "meta": {
                            "e2bfb730-ecaa-11e6-8f88-34363bc7c4c0": {
                                "create": 600000000000,
                                "delete": 600000000000
                            },
                            "schema_version": "1"
                        },
                        "tainted": false
                    },
                    "deposed": [],
                    "provider": "provider.aws"
                }
            },
            "depends_on": []
        },
        {
            "path": [
                "root",
                "vpc_network"
            ],
            "outputs": {
                "vpc_id": {
                    "sensitive": false,
                    "type": "string",
                    "value": "vpc-0c664a9c46d8e32c6"
                }
            },
            "resources": {
                "aws_vpc.gatekeeper-vpc": {
                    "type": "aws_vpc",
                    "depends_on": [],
                    "primary": {
                        "id": "vpc-0c664a9c46d8e32c6",
                        "attributes": {
                            "arn": "arn:aws:ec2:us-west-2:798485911321:vpc/vpc-0c664a9c46d8e32c6",
                            "assign_generated_ipv6_cidr_block": "false",
                            "cidr_block": "10.0.0.0/16",
                            "default_network_acl_id": "acl-0d754941f34c31536",
                            "default_route_table_id": "rtb-0f143f026c24b11a0",
                            "default_security_group_id": "sg-0fb02bb6bfbff6687",
                            "dhcp_options_id": "dopt-d53cf6ad",
                            "enable_classiclink": "false",
                            "enable_classiclink_dns_support": "false",
                            "enable_dns_hostnames": "true",
                            "enable_dns_support": "true",
                            "id": "vpc-0c664a9c46d8e32c6",
                            "instance_tenancy": "default",
                            "ipv6_association_id": "",
                            "ipv6_cidr_block": "",
                            "main_route_table_id": "rtb-0f143f026c24b11a0",
                            "owner_id": "798485911321",
                            "tags.%": "0"
                        },
                        "meta": {
                            "schema_version": "1"
                        },
                        "tainted": false
                    },
                    "deposed": [],
                    "provider": "provider.aws"
                }
            },
            "depends_on": []
        },
        {
            "path": [
                "root",
                "webservers"
            ],
            "outputs": {
                "elb_address": {
                    "sensitive": false,
                    "type": "string",
                    "value": "terraform-1226999152.us-west-2.elb.amazonaws.com"
                },
                "web_ip": {
                    "sensitive": false,
                    "type": "string",
                    "value": "34.213.172.151, 52.12.89.113"
                }
            },
            "resources": {
                "aws_elb.web": {
                    "type": "aws_elb",
                    "depends_on": [
                        "aws_instance.web.*"
                    ],
                    "primary": {
                        "id": "terraform",
                        "attributes": {
                            "access_logs.#": "0",
                            "arn": "arn:aws:elasticloadbalancing:us-west-2:798485911321:loadbalancer/terraform",
                            "availability_zones.#": "1",
                            "availability_zones.221770259": "us-west-2b",
                            "connection_draining": "false",
                            "connection_draining_timeout": "300",
                            "cross_zone_load_balancing": "true",
                            "dns_name": "terraform-1226999152.us-west-2.elb.amazonaws.com",
                            "health_check.#": "1",
                            "health_check.0.healthy_threshold": "10",
                            "health_check.0.interval": "30",
                            "health_check.0.target": "TCP:80",
                            "health_check.0.timeout": "5",
                            "health_check.0.unhealthy_threshold": "2",
                            "id": "terraform",
                            "idle_timeout": "60",
                            "instances.#": "2",
                            "instances.1043725518": "i-09cf71c5e648c81d1",
                            "instances.799494546": "i-007a9d7382c305507",
                            "internal": "false",
                            "listener.#": "1",
                            "listener.3057123346.instance_port": "80",
                            "listener.3057123346.instance_protocol": "http",
                            "listener.3057123346.lb_port": "80",
                            "listener.3057123346.lb_protocol": "http",
                            "listener.3057123346.ssl_certificate_id": "",
                            "name": "terraform",
                            "security_groups.#": "1",
                            "security_groups.3604445015": "sg-0fb02bb6bfbff6687",
                            "source_security_group": "798485911321/default",
                            "source_security_group_id": "sg-0fb02bb6bfbff6687",
                            "subnets.#": "1",
                            "subnets.744328101": "subnet-069a425d734652276",
                            "tags.%": "0",
                            "zone_id": "Z1H1FL5HABSF5"
                        },
                        "meta": {},
                        "tainted": false
                    },
                    "deposed": [],
                    "provider": "provider.aws"
                },
                "aws_instance.web.0": {
                    "type": "aws_instance",
                    "depends_on": [
                        "data.aws_ami.ubuntu"
                    ],
                    "primary": {
                        "id": "i-007a9d7382c305507",
                        "attributes": {
                            "ami": "ami-0dbd6cabe4749f197",
                            "arn": "arn:aws:ec2:us-west-2:798485911321:instance/i-007a9d7382c305507",
                            "associate_public_ip_address": "true",
                            "availability_zone": "us-west-2b",
                            "cpu_core_count": "1",
                            "cpu_threads_per_core": "1",
                            "credit_specification.#": "1",
                            "credit_specification.0.cpu_credits": "standard",
                            "disable_api_termination": "false",
                            "ebs_block_device.#": "0",
                            "ebs_optimized": "false",
                            "ephemeral_block_device.#": "0",
                            "get_password_data": "false",
                            "iam_instance_profile": "",
                            "id": "i-007a9d7382c305507",
                            "instance_state": "running",
                            "instance_type": "t2.micro",
                            "ipv6_addresses.#": "0",
                            "key_name": "jello",
                            "monitoring": "false",
                            "network_interface.#": "0",
                            "network_interface_id": "eni-00695aa4b1fa890aa",
                            "password_data": "",
                            "placement_group": "",
                            "primary_network_interface_id": "eni-00695aa4b1fa890aa",
                            "private_dns": "ip-10-0-0-165.us-west-2.compute.internal",
                            "private_ip": "10.0.0.165",
                            "public_dns": "ec2-34-213-172-151.us-west-2.compute.amazonaws.com",
                            "public_ip": "34.213.172.151",
                            "root_block_device.#": "1",
                            "root_block_device.0.delete_on_termination": "true",
                            "root_block_device.0.iops": "100",
                            "root_block_device.0.volume_id": "vol-089ba8ff47ece0b9a",
                            "root_block_device.0.volume_size": "8",
                            "root_block_device.0.volume_type": "gp2",
                            "security_groups.#": "0",
                            "source_dest_check": "true",
                            "subnet_id": "subnet-069a425d734652276",
                            "tags.%": "1",
                            "tags.Name": "Terraform web 0",
                            "tenancy": "default",
                            "volume_tags.%": "0",
                            "vpc_security_group_ids.#": "3",
                            "vpc_security_group_ids.2961226667": "sg-0f78a1aab2f1d5e89",
                            "vpc_security_group_ids.3382992004": "sg-0cb7235d2284d99ac",
                            "vpc_security_group_ids.453381325": "sg-03224fb82b48d4b2c"
                        },
                        "meta": {
                            "e2bfb730-ecaa-11e6-8f88-34363bc7c4c0": {
                                "create": 600000000000,
                                "delete": 1200000000000,
                                "update": 600000000000
                            },
                            "schema_version": "1"
                        },
                        "tainted": false
                    },
                    "deposed": [],
                    "provider": "provider.aws"
                },
                "aws_instance.web.1": {
                    "type": "aws_instance",
                    "depends_on": [
                        "data.aws_ami.ubuntu"
                    ],
                    "primary": {
                        "id": "i-09cf71c5e648c81d1",
                        "attributes": {
                            "ami": "ami-0dbd6cabe4749f197",
                            "arn": "arn:aws:ec2:us-west-2:798485911321:instance/i-09cf71c5e648c81d1",
                            "associate_public_ip_address": "true",
                            "availability_zone": "us-west-2b",
                            "cpu_core_count": "1",
                            "cpu_threads_per_core": "1",
                            "credit_specification.#": "1",
                            "credit_specification.0.cpu_credits": "standard",
                            "disable_api_termination": "false",
                            "ebs_block_device.#": "0",
                            "ebs_optimized": "false",
                            "ephemeral_block_device.#": "0",
                            "get_password_data": "false",
                            "iam_instance_profile": "",
                            "id": "i-09cf71c5e648c81d1",
                            "instance_state": "running",
                            "instance_type": "t2.micro",
                            "ipv6_addresses.#": "0",
                            "key_name": "jello",
                            "monitoring": "false",
                            "network_interface.#": "0",
                            "network_interface_id": "eni-03abe12f8d1117340",
                            "password_data": "",
                            "placement_group": "",
                            "primary_network_interface_id": "eni-03abe12f8d1117340",
                            "private_dns": "ip-10-0-0-26.us-west-2.compute.internal",
                            "private_ip": "10.0.0.26",
                            "public_dns": "ec2-52-12-89-113.us-west-2.compute.amazonaws.com",
                            "public_ip": "52.12.89.113",
                            "root_block_device.#": "1",
                            "root_block_device.0.delete_on_termination": "true",
                            "root_block_device.0.iops": "100",
                            "root_block_device.0.volume_id": "vol-0032a571332844c91",
                            "root_block_device.0.volume_size": "8",
                            "root_block_device.0.volume_type": "gp2",
                            "security_groups.#": "0",
                            "source_dest_check": "true",
                            "subnet_id": "subnet-069a425d734652276",
                            "tags.%": "1",
                            "tags.Name": "Terraform web 1",
                            "tenancy": "default",
                            "volume_tags.%": "0",
                            "vpc_security_group_ids.#": "3",
                            "vpc_security_group_ids.2961226667": "sg-0f78a1aab2f1d5e89",
                            "vpc_security_group_ids.3382992004": "sg-0cb7235d2284d99ac",
                            "vpc_security_group_ids.453381325": "sg-03224fb82b48d4b2c"
                        },
                        "meta": {
                            "e2bfb730-ecaa-11e6-8f88-34363bc7c4c0": {
                                "create": 600000000000,
                                "delete": 1200000000000,
                                "update": 600000000000
                            },
                            "schema_version": "1"
                        },
                        "tainted": false
                    },
                    "deposed": [],
                    "provider": "provider.aws"
                },
                "data.aws_ami.ubuntu": {
                    "type": "aws_ami",
                    "depends_on": [],
                    "primary": {
                        "id": "ami-0dbd6cabe4749f197",
                        "attributes": {
                            "architecture": "x86_64",
                            "block_device_mappings.#": "3",
                            "block_device_mappings.1634610537.device_name": "/dev/sdb",
                            "block_device_mappings.1634610537.ebs.%": "0",
                            "block_device_mappings.1634610537.no_device": "",
                            "block_device_mappings.1634610537.virtual_name": "ephemeral0",
                            "block_device_mappings.2547816212.device_name": "/dev/sda1",
                            "block_device_mappings.2547816212.ebs.%": "6",
                            "block_device_mappings.2547816212.ebs.delete_on_termination": "true",
                            "block_device_mappings.2547816212.ebs.encrypted": "false",
                            "block_device_mappings.2547816212.ebs.iops": "0",
                            "block_device_mappings.2547816212.ebs.snapshot_id": "snap-0bc863e47ca82b3c5",
                            "block_device_mappings.2547816212.ebs.volume_size": "8",
                            "block_device_mappings.2547816212.ebs.volume_type": "gp2",
                            "block_device_mappings.2547816212.no_device": "",
                            "block_device_mappings.2547816212.virtual_name": "",
                            "block_device_mappings.3850042718.device_name": "/dev/sdc",
                            "block_device_mappings.3850042718.ebs.%": "0",
                            "block_device_mappings.3850042718.no_device": "",
                            "block_device_mappings.3850042718.virtual_name": "ephemeral1",
                            "creation_date": "2018-12-23T14:06:33.000Z",
                            "description": "Canonical, Ubuntu, 16.04 LTS, amd64 xenial image build on 2018-12-23",
                            "filter.#": "2",
                            "filter.1585153008.name": "name",
                            "filter.1585153008.values.#": "1",
                            "filter.1585153008.values.0": "ubuntu/images/hvm-ssd/ubuntu-xenial-16.04-amd64-server-*",
                            "filter.490168357.name": "virtualization-type",
                            "filter.490168357.values.#": "1",
                            "filter.490168357.values.0": "hvm",
                            "hypervisor": "xen",
                            "id": "ami-0dbd6cabe4749f197",
                            "image_id": "ami-0dbd6cabe4749f197",
                            "image_location": "099720109477/ubuntu/images/hvm-ssd/ubuntu-xenial-16.04-amd64-server-20181223",
                            "image_type": "machine",
                            "most_recent": "true",
                            "name": "ubuntu/images/hvm-ssd/ubuntu-xenial-16.04-amd64-server-20181223",
                            "owner_id": "099720109477",
                            "owners.#": "1",
                            "owners.0": "099720109477",
                            "product_codes.#": "0",
                            "public": "true",
                            "root_device_name": "/dev/sda1",
                            "root_device_type": "ebs",
                            "root_snapshot_id": "snap-0bc863e47ca82b3c5",
                            "sriov_net_support": "simple",
                            "state": "available",
                            "state_reason.%": "2",
                            "state_reason.code": "UNSET",
                            "state_reason.message": "UNSET",
                            "tags.%": "0",
                            "virtualization_type": "hvm"
                        },
                        "meta": {},
                        "tainted": false
                    },
                    "deposed": [],
                    "provider": "provider.aws"
                },
                "data.aws_availability_zones.available": {
                    "type": "aws_availability_zones",
                    "depends_on": [],
                    "primary": {
                        "id": "2019-01-22 21:44:46.014355 +0000 UTC",
                        "attributes": {
                            "id": "2019-01-22 21:44:46.014355 +0000 UTC",
                            "names.#": "3",
                            "names.0": "us-west-2a",
                            "names.1": "us-west-2b",
                            "names.2": "us-west-2c",
                            "zone_ids.#": "3",
                            "zone_ids.0": "usw2-az2",
                            "zone_ids.1": "usw2-az1",
                            "zone_ids.2": "usw2-az3"
                        },
                        "meta": {},
                        "tainted": false
                    },
                    "deposed": [],
                    "provider": "provider.aws"
                }
            },
            "depends_on": []
        }
    ]
}
